// !$*UTF8*$!
{
	archiveVersion = 1;
	classes = {
	};
	objectVersion = 42;
	objects = {

/* Begin PBXBuildFile section */
		29616F1F0EFBD8DE00FF6FA3 /* particle.cpp in Sources */ = {isa = PBXBuildFile; fileRef = 29616F150EFBD8DE00FF6FA3 /* particle.cpp */; };
		29616F200EFBD8DE00FF6FA3 /* particleManager.cpp in Sources */ = {isa = PBXBuildFile; fileRef = 29616F170EFBD8DE00FF6FA3 /* particleManager.cpp */; };
		29616F210EFBD8DE00FF6FA3 /* simulationManager.cpp in Sources */ = {isa = PBXBuildFile; fileRef = 29616F1A0EFBD8DE00FF6FA3 /* simulationManager.cpp */; };
		29616F220EFBD8DE00FF6FA3 /* spring.cpp in Sources */ = {isa = PBXBuildFile; fileRef = 29616F1D0EFBD8DE00FF6FA3 /* spring.cpp */; };
		3C6C5DF70F1EEBE100FE185F /* ofAppRunner.cpp in Sources */ = {isa = PBXBuildFile; fileRef = 3C6C5DCA0F1EEBE100FE185F /* ofAppRunner.cpp */; };
		3C6C5DF80F1EEBE100FE185F /* ofArduino.cpp in Sources */ = {isa = PBXBuildFile; fileRef = 3C6C5DCE0F1EEBE100FE185F /* ofArduino.cpp */; };
		3C6C5DF90F1EEBE100FE185F /* ofSerial.cpp in Sources */ = {isa = PBXBuildFile; fileRef = 3C6C5DD00F1EEBE100FE185F /* ofSerial.cpp */; };
		3C6C5DFA0F1EEBE100FE185F /* ofStandardFirmata.cpp in Sources */ = {isa = PBXBuildFile; fileRef = 3C6C5DD20F1EEBE100FE185F /* ofStandardFirmata.cpp */; };
		3C6C5DFB0F1EEBE100FE185F /* ofGraphics.cpp in Sources */ = {isa = PBXBuildFile; fileRef = 3C6C5DD80F1EEBE100FE185F /* ofGraphics.cpp */; };
		3C6C5DFC0F1EEBE100FE185F /* ofImage.cpp in Sources */ = {isa = PBXBuildFile; fileRef = 3C6C5DDA0F1EEBE100FE185F /* ofImage.cpp */; };
		3C6C5DFD0F1EEBE100FE185F /* ofTexture.cpp in Sources */ = {isa = PBXBuildFile; fileRef = 3C6C5DDC0F1EEBE100FE185F /* ofTexture.cpp */; };
		3C6C5DFE0F1EEBE100FE185F /* ofTrueTypeFont.cpp in Sources */ = {isa = PBXBuildFile; fileRef = 3C6C5DDE0F1EEBE100FE185F /* ofTrueTypeFont.cpp */; };
		3C6C5DFF0F1EEBE100FE185F /* ofSoundPlayer.cpp in Sources */ = {isa = PBXBuildFile; fileRef = 3C6C5DE20F1EEBE100FE185F /* ofSoundPlayer.cpp */; };
		3C6C5E000F1EEBE100FE185F /* ofSoundStream.cpp in Sources */ = {isa = PBXBuildFile; fileRef = 3C6C5DE40F1EEBE100FE185F /* ofSoundStream.cpp */; };
		3C6C5E010F1EEBE100FE185F /* ofMath.cpp in Sources */ = {isa = PBXBuildFile; fileRef = 3C6C5DE80F1EEBE100FE185F /* ofMath.cpp */; };
		3C6C5E020F1EEBE100FE185F /* ofUtils.cpp in Sources */ = {isa = PBXBuildFile; fileRef = 3C6C5DEB0F1EEBE100FE185F /* ofUtils.cpp */; };
		3C6C5E030F1EEBE100FE185F /* ofQtUtils.cpp in Sources */ = {isa = PBXBuildFile; fileRef = 3C6C5DEE0F1EEBE100FE185F /* ofQtUtils.cpp */; };
		3C6C5E040F1EEBE100FE185F /* ofUCUtils.cpp in Sources */ = {isa = PBXBuildFile; fileRef = 3C6C5DF00F1EEBE100FE185F /* ofUCUtils.cpp */; };
		3C6C5E050F1EEBE100FE185F /* ofVideoGrabber.cpp in Sources */ = {isa = PBXBuildFile; fileRef = 3C6C5DF30F1EEBE100FE185F /* ofVideoGrabber.cpp */; };
		3C6C5E060F1EEBE100FE185F /* ofVideoPlayer.cpp in Sources */ = {isa = PBXBuildFile; fileRef = 3C6C5DF50F1EEBE100FE185F /* ofVideoPlayer.cpp */; };
		E4B69E200A3A1BDC003C02F2 /* main.cpp in Sources */ = {isa = PBXBuildFile; fileRef = E4B69E1D0A3A1BDC003C02F2 /* main.cpp */; };
		E4B69E210A3A1BDC003C02F2 /* testApp.cpp in Sources */ = {isa = PBXBuildFile; fileRef = E4B69E1E0A3A1BDC003C02F2 /* testApp.cpp */; };
		E4B6FCAE0C3E899E008CF71C /* openFrameworks-Info.plist in Resources */ = {isa = PBXBuildFile; fileRef = E4B6FCAD0C3E899E008CF71C /* openFrameworks-Info.plist */; };
/* End PBXBuildFile section */

/* Begin PBXFileReference section */
		29616F150EFBD8DE00FF6FA3 /* particle.cpp */ = {isa = PBXFileReference; fileEncoding = 4; lastKnownFileType = sourcecode.cpp.cpp; path = particle.cpp; sourceTree = "<group>"; };
		29616F160EFBD8DE00FF6FA3 /* particle.h */ = {isa = PBXFileReference; fileEncoding = 4; lastKnownFileType = sourcecode.c.h; path = particle.h; sourceTree = "<group>"; };
		29616F170EFBD8DE00FF6FA3 /* particleManager.cpp */ = {isa = PBXFileReference; fileEncoding = 4; lastKnownFileType = sourcecode.cpp.cpp; path = particleManager.cpp; sourceTree = "<group>"; };
		29616F180EFBD8DE00FF6FA3 /* particleManager.h */ = {isa = PBXFileReference; fileEncoding = 4; lastKnownFileType = sourcecode.c.h; path = particleManager.h; sourceTree = "<group>"; };
		29616F1A0EFBD8DE00FF6FA3 /* simulationManager.cpp */ = {isa = PBXFileReference; fileEncoding = 4; lastKnownFileType = sourcecode.cpp.cpp; path = simulationManager.cpp; sourceTree = "<group>"; };
		29616F1B0EFBD8DE00FF6FA3 /* simulationManager.h */ = {isa = PBXFileReference; fileEncoding = 4; lastKnownFileType = sourcecode.c.h; path = simulationManager.h; sourceTree = "<group>"; };
		29616F1D0EFBD8DE00FF6FA3 /* spring.cpp */ = {isa = PBXFileReference; fileEncoding = 4; lastKnownFileType = sourcecode.cpp.cpp; path = spring.cpp; sourceTree = "<group>"; };
		29616F1E0EFBD8DE00FF6FA3 /* spring.h */ = {isa = PBXFileReference; fileEncoding = 4; lastKnownFileType = sourcecode.c.h; path = spring.h; sourceTree = "<group>"; };
		29616F250EFBD90300FF6FA3 /* ofxMatrix3x3.h */ = {isa = PBXFileReference; fileEncoding = 4; lastKnownFileType = sourcecode.c.h; path = ofxMatrix3x3.h; sourceTree = "<group>"; };
		29616F260EFBD90300FF6FA3 /* ofxPoint2f.h */ = {isa = PBXFileReference; fileEncoding = 4; lastKnownFileType = sourcecode.c.h; path = ofxPoint2f.h; sourceTree = "<group>"; };
		29616F270EFBD90300FF6FA3 /* ofxPoint3f.h */ = {isa = PBXFileReference; fileEncoding = 4; lastKnownFileType = sourcecode.c.h; path = ofxPoint3f.h; sourceTree = "<group>"; };
		29616F280EFBD90300FF6FA3 /* ofxPoint4f.h */ = {isa = PBXFileReference; fileEncoding = 4; lastKnownFileType = sourcecode.c.h; path = ofxPoint4f.h; sourceTree = "<group>"; };
		29616F290EFBD90300FF6FA3 /* ofxVec2f.h */ = {isa = PBXFileReference; fileEncoding = 4; lastKnownFileType = sourcecode.c.h; path = ofxVec2f.h; sourceTree = "<group>"; };
		29616F2A0EFBD90300FF6FA3 /* ofxVec3f.h */ = {isa = PBXFileReference; fileEncoding = 4; lastKnownFileType = sourcecode.c.h; path = ofxVec3f.h; sourceTree = "<group>"; };
		29616F2B0EFBD90300FF6FA3 /* ofxVec4f.h */ = {isa = PBXFileReference; fileEncoding = 4; lastKnownFileType = sourcecode.c.h; path = ofxVec4f.h; sourceTree = "<group>"; };
		29616F2C0EFBD90300FF6FA3 /* ofxVectorMath.h */ = {isa = PBXFileReference; fileEncoding = 4; lastKnownFileType = sourcecode.c.h; path = ofxVectorMath.h; sourceTree = "<group>"; };
		3C6C5DC90F1EEBE100FE185F /* ofAppGlutGlue.h */ = {isa = PBXFileReference; fileEncoding = 30; lastKnownFileType = sourcecode.c.h; path = ofAppGlutGlue.h; sourceTree = "<group>"; };
		3C6C5DCA0F1EEBE100FE185F /* ofAppRunner.cpp */ = {isa = PBXFileReference; fileEncoding = 30; lastKnownFileType = sourcecode.cpp.cpp; path = ofAppRunner.cpp; sourceTree = "<group>"; };
		3C6C5DCB0F1EEBE100FE185F /* ofAppRunner.h */ = {isa = PBXFileReference; fileEncoding = 30; lastKnownFileType = sourcecode.c.h; path = ofAppRunner.h; sourceTree = "<group>"; };
		3C6C5DCC0F1EEBE100FE185F /* ofBaseApp.h */ = {isa = PBXFileReference; fileEncoding = 30; lastKnownFileType = sourcecode.c.h; path = ofBaseApp.h; sourceTree = "<group>"; };
		3C6C5DCE0F1EEBE100FE185F /* ofArduino.cpp */ = {isa = PBXFileReference; fileEncoding = 30; lastKnownFileType = sourcecode.cpp.cpp; path = ofArduino.cpp; sourceTree = "<group>"; };
		3C6C5DCF0F1EEBE100FE185F /* ofArduino.h */ = {isa = PBXFileReference; fileEncoding = 30; lastKnownFileType = sourcecode.c.h; path = ofArduino.h; sourceTree = "<group>"; };
		3C6C5DD00F1EEBE100FE185F /* ofSerial.cpp */ = {isa = PBXFileReference; fileEncoding = 30; lastKnownFileType = sourcecode.cpp.cpp; path = ofSerial.cpp; sourceTree = "<group>"; };
		3C6C5DD10F1EEBE100FE185F /* ofSerial.h */ = {isa = PBXFileReference; fileEncoding = 30; lastKnownFileType = sourcecode.c.h; path = ofSerial.h; sourceTree = "<group>"; };
		3C6C5DD20F1EEBE100FE185F /* ofStandardFirmata.cpp */ = {isa = PBXFileReference; fileEncoding = 30; lastKnownFileType = sourcecode.cpp.cpp; path = ofStandardFirmata.cpp; sourceTree = "<group>"; };
		3C6C5DD30F1EEBE100FE185F /* ofStandardFirmata.h */ = {isa = PBXFileReference; fileEncoding = 30; lastKnownFileType = sourcecode.c.h; path = ofStandardFirmata.h; sourceTree = "<group>"; };
		3C6C5DD50F1EEBE100FE185F /* ofEvents.h */ = {isa = PBXFileReference; fileEncoding = 30; lastKnownFileType = sourcecode.c.h; path = ofEvents.h; sourceTree = "<group>"; };
		3C6C5DD60F1EEBE100FE185F /* ofEventUtils.h */ = {isa = PBXFileReference; fileEncoding = 30; lastKnownFileType = sourcecode.c.h; path = ofEventUtils.h; sourceTree = "<group>"; };
		3C6C5DD80F1EEBE100FE185F /* ofGraphics.cpp */ = {isa = PBXFileReference; fileEncoding = 30; lastKnownFileType = sourcecode.cpp.cpp; path = ofGraphics.cpp; sourceTree = "<group>"; };
		3C6C5DD90F1EEBE100FE185F /* ofGraphics.h */ = {isa = PBXFileReference; fileEncoding = 30; lastKnownFileType = sourcecode.c.h; path = ofGraphics.h; sourceTree = "<group>"; };
		3C6C5DDA0F1EEBE100FE185F /* ofImage.cpp */ = {isa = PBXFileReference; fileEncoding = 30; lastKnownFileType = sourcecode.cpp.cpp; path = ofImage.cpp; sourceTree = "<group>"; };
		3C6C5DDB0F1EEBE100FE185F /* ofImage.h */ = {isa = PBXFileReference; fileEncoding = 30; lastKnownFileType = sourcecode.c.h; path = ofImage.h; sourceTree = "<group>"; };
		3C6C5DDC0F1EEBE100FE185F /* ofTexture.cpp */ = {isa = PBXFileReference; fileEncoding = 30; lastKnownFileType = sourcecode.cpp.cpp; path = ofTexture.cpp; sourceTree = "<group>"; };
		3C6C5DDD0F1EEBE100FE185F /* ofTexture.h */ = {isa = PBXFileReference; fileEncoding = 30; lastKnownFileType = sourcecode.c.h; path = ofTexture.h; sourceTree = "<group>"; };
		3C6C5DDE0F1EEBE100FE185F /* ofTrueTypeFont.cpp */ = {isa = PBXFileReference; fileEncoding = 30; lastKnownFileType = sourcecode.cpp.cpp; path = ofTrueTypeFont.cpp; sourceTree = "<group>"; };
		3C6C5DDF0F1EEBE100FE185F /* ofTrueTypeFont.h */ = {isa = PBXFileReference; fileEncoding = 30; lastKnownFileType = sourcecode.c.h; path = ofTrueTypeFont.h; sourceTree = "<group>"; };
		3C6C5DE00F1EEBE100FE185F /* ofMain.h */ = {isa = PBXFileReference; fileEncoding = 30; lastKnownFileType = sourcecode.c.h; path = ofMain.h; sourceTree = "<group>"; };
		3C6C5DE20F1EEBE100FE185F /* ofSoundPlayer.cpp */ = {isa = PBXFileReference; fileEncoding = 30; lastKnownFileType = sourcecode.cpp.cpp; path = ofSoundPlayer.cpp; sourceTree = "<group>"; };
		3C6C5DE30F1EEBE100FE185F /* ofSoundPlayer.h */ = {isa = PBXFileReference; fileEncoding = 30; lastKnownFileType = sourcecode.c.h; path = ofSoundPlayer.h; sourceTree = "<group>"; };
		3C6C5DE40F1EEBE100FE185F /* ofSoundStream.cpp */ = {isa = PBXFileReference; fileEncoding = 30; lastKnownFileType = sourcecode.cpp.cpp; path = ofSoundStream.cpp; sourceTree = "<group>"; };
		3C6C5DE50F1EEBE100FE185F /* ofSoundStream.h */ = {isa = PBXFileReference; fileEncoding = 30; lastKnownFileType = sourcecode.c.h; path = ofSoundStream.h; sourceTree = "<group>"; };
		3C6C5DE70F1EEBE100FE185F /* ofConstants.h */ = {isa = PBXFileReference; fileEncoding = 30; lastKnownFileType = sourcecode.c.h; path = ofConstants.h; sourceTree = "<group>"; };
		3C6C5DE80F1EEBE100FE185F /* ofMath.cpp */ = {isa = PBXFileReference; fileEncoding = 30; lastKnownFileType = sourcecode.cpp.cpp; path = ofMath.cpp; sourceTree = "<group>"; };
		3C6C5DE90F1EEBE100FE185F /* ofMath.h */ = {isa = PBXFileReference; fileEncoding = 30; lastKnownFileType = sourcecode.c.h; path = ofMath.h; sourceTree = "<group>"; };
		3C6C5DEA0F1EEBE100FE185F /* ofTypes.h */ = {isa = PBXFileReference; fileEncoding = 30; lastKnownFileType = sourcecode.c.h; path = ofTypes.h; sourceTree = "<group>"; };
		3C6C5DEB0F1EEBE100FE185F /* ofUtils.cpp */ = {isa = PBXFileReference; fileEncoding = 30; lastKnownFileType = sourcecode.cpp.cpp; path = ofUtils.cpp; sourceTree = "<group>"; };
		3C6C5DEC0F1EEBE100FE185F /* ofUtils.h */ = {isa = PBXFileReference; fileEncoding = 30; lastKnownFileType = sourcecode.c.h; path = ofUtils.h; sourceTree = "<group>"; };
		3C6C5DEE0F1EEBE100FE185F /* ofQtUtils.cpp */ = {isa = PBXFileReference; fileEncoding = 30; lastKnownFileType = sourcecode.cpp.cpp; path = ofQtUtils.cpp; sourceTree = "<group>"; };
		3C6C5DEF0F1EEBE100FE185F /* ofQtUtils.h */ = {isa = PBXFileReference; fileEncoding = 30; lastKnownFileType = sourcecode.c.h; path = ofQtUtils.h; sourceTree = "<group>"; };
		3C6C5DF00F1EEBE100FE185F /* ofUCUtils.cpp */ = {isa = PBXFileReference; fileEncoding = 30; lastKnownFileType = sourcecode.cpp.cpp; path = ofUCUtils.cpp; sourceTree = "<group>"; };
		3C6C5DF10F1EEBE100FE185F /* ofUCUtils.h */ = {isa = PBXFileReference; fileEncoding = 30; lastKnownFileType = sourcecode.c.h; path = ofUCUtils.h; sourceTree = "<group>"; };
		3C6C5DF20F1EEBE100FE185F /* ofV4LUtils.h */ = {isa = PBXFileReference; fileEncoding = 30; lastKnownFileType = sourcecode.c.h; path = ofV4LUtils.h; sourceTree = "<group>"; };
		3C6C5DF30F1EEBE100FE185F /* ofVideoGrabber.cpp */ = {isa = PBXFileReference; fileEncoding = 30; lastKnownFileType = sourcecode.cpp.cpp; path = ofVideoGrabber.cpp; sourceTree = "<group>"; };
		3C6C5DF40F1EEBE100FE185F /* ofVideoGrabber.h */ = {isa = PBXFileReference; fileEncoding = 30; lastKnownFileType = sourcecode.c.h; path = ofVideoGrabber.h; sourceTree = "<group>"; };
		3C6C5DF50F1EEBE100FE185F /* ofVideoPlayer.cpp */ = {isa = PBXFileReference; fileEncoding = 30; lastKnownFileType = sourcecode.cpp.cpp; path = ofVideoPlayer.cpp; sourceTree = "<group>"; };
		3C6C5DF60F1EEBE100FE185F /* ofVideoPlayer.h */ = {isa = PBXFileReference; fileEncoding = 30; lastKnownFileType = sourcecode.c.h; path = ofVideoPlayer.h; sourceTree = "<group>"; };
		E411BE020CFA279F007A1F4A /* ofAddons.h */ = {isa = PBXFileReference; fileEncoding = 30; lastKnownFileType = sourcecode.c.h; name = ofAddons.h; path = ../../../addons/ofAddons.h; sourceTree = SOURCE_ROOT; };
		E4B69B5B0A3A1756003C02F2 /* openFrameworks.app */ = {isa = PBXFileReference; explicitFileType = wrapper.application; includeInIndex = 0; path = openFrameworks.app; sourceTree = BUILT_PRODUCTS_DIR; };
		E4B69E1D0A3A1BDC003C02F2 /* main.cpp */ = {isa = PBXFileReference; fileEncoding = 30; lastKnownFileType = sourcecode.cpp.cpp; name = main.cpp; path = src/main.cpp; sourceTree = SOURCE_ROOT; };
		E4B69E1E0A3A1BDC003C02F2 /* testApp.cpp */ = {isa = PBXFileReference; fileEncoding = 30; lastKnownFileType = sourcecode.cpp.cpp; name = testApp.cpp; path = src/testApp.cpp; sourceTree = SOURCE_ROOT; };
		E4B69E1F0A3A1BDC003C02F2 /* testApp.h */ = {isa = PBXFileReference; fileEncoding = 30; lastKnownFileType = sourcecode.c.h; name = testApp.h; path = src/testApp.h; sourceTree = SOURCE_ROOT; };
		E4B6FCAD0C3E899E008CF71C /* openFrameworks-Info.plist */ = {isa = PBXFileReference; fileEncoding = 30; lastKnownFileType = text.xml; path = "openFrameworks-Info.plist"; sourceTree = SOURCE_ROOT; };
/* End PBXFileReference section */

/* Begin PBXFrameworksBuildPhase section */
		E4B69B590A3A1756003C02F2 /* Frameworks */ = {
			isa = PBXFrameworksBuildPhase;
			buildActionMask = 2147483647;
			files = (
			);
			runOnlyForDeploymentPostprocessing = 0;
		};
/* End PBXFrameworksBuildPhase section */

/* Begin PBXGroup section */
		29616F140EFBD8DE00FF6FA3 /* particles */ = {
			isa = PBXGroup;
			children = (
				29616F150EFBD8DE00FF6FA3 /* particle.cpp */,
				29616F160EFBD8DE00FF6FA3 /* particle.h */,
				29616F170EFBD8DE00FF6FA3 /* particleManager.cpp */,
				29616F180EFBD8DE00FF6FA3 /* particleManager.h */,
			);
			path = particles;
			sourceTree = "<group>";
		};
		29616F190EFBD8DE00FF6FA3 /* simulation */ = {
			isa = PBXGroup;
			children = (
				29616F1A0EFBD8DE00FF6FA3 /* simulationManager.cpp */,
				29616F1B0EFBD8DE00FF6FA3 /* simulationManager.h */,
			);
			path = simulation;
			sourceTree = "<group>";
		};
		29616F1C0EFBD8DE00FF6FA3 /* springs */ = {
			isa = PBXGroup;
			children = (
				29616F1D0EFBD8DE00FF6FA3 /* spring.cpp */,
				29616F1E0EFBD8DE00FF6FA3 /* spring.h */,
			);
			path = springs;
			sourceTree = "<group>";
		};
		29616F240EFBD90300FF6FA3 /* ofxVectorMath */ = {
			isa = PBXGroup;
			children = (
				29616F250EFBD90300FF6FA3 /* ofxMatrix3x3.h */,
				29616F260EFBD90300FF6FA3 /* ofxPoint2f.h */,
				29616F270EFBD90300FF6FA3 /* ofxPoint3f.h */,
				29616F280EFBD90300FF6FA3 /* ofxPoint4f.h */,
				29616F290EFBD90300FF6FA3 /* ofxVec2f.h */,
				29616F2A0EFBD90300FF6FA3 /* ofxVec3f.h */,
				29616F2B0EFBD90300FF6FA3 /* ofxVec4f.h */,
				29616F2C0EFBD90300FF6FA3 /* ofxVectorMath.h */,
			);
			name = ofxVectorMath;
			path = ofxVectorMath/src;
			sourceTree = "<group>";
		};
		3C6C5DC70F1EEBE100FE185F /* openFrameworks */ = {
			isa = PBXGroup;
			children = (
				3C6C5DC80F1EEBE100FE185F /* app */,
				3C6C5DCD0F1EEBE100FE185F /* communication */,
				3C6C5DD40F1EEBE100FE185F /* events */,
				3C6C5DD70F1EEBE100FE185F /* graphics */,
				3C6C5DE00F1EEBE100FE185F /* ofMain.h */,
				3C6C5DE10F1EEBE100FE185F /* sound */,
				3C6C5DE60F1EEBE100FE185F /* utils */,
				3C6C5DED0F1EEBE100FE185F /* video */,
			);
			name = openFrameworks;
			path = ../../../libs/openFrameworks;
			sourceTree = SOURCE_ROOT;
		};
		3C6C5DC80F1EEBE100FE185F /* app */ = {
			isa = PBXGroup;
			children = (
				3C6C5DC90F1EEBE100FE185F /* ofAppGlutGlue.h */,
				3C6C5DCA0F1EEBE100FE185F /* ofAppRunner.cpp */,
				3C6C5DCB0F1EEBE100FE185F /* ofAppRunner.h */,
				3C6C5DCC0F1EEBE100FE185F /* ofBaseApp.h */,
			);
			path = app;
			sourceTree = "<group>";
		};
		3C6C5DCD0F1EEBE100FE185F /* communication */ = {
			isa = PBXGroup;
			children = (
				3C6C5DCE0F1EEBE100FE185F /* ofArduino.cpp */,
				3C6C5DCF0F1EEBE100FE185F /* ofArduino.h */,
				3C6C5DD00F1EEBE100FE185F /* ofSerial.cpp */,
				3C6C5DD10F1EEBE100FE185F /* ofSerial.h */,
				3C6C5DD20F1EEBE100FE185F /* ofStandardFirmata.cpp */,
				3C6C5DD30F1EEBE100FE185F /* ofStandardFirmata.h */,
			);
			path = communication;
			sourceTree = "<group>";
		};
		3C6C5DD40F1EEBE100FE185F /* events */ = {
			isa = PBXGroup;
			children = (
				3C6C5DD50F1EEBE100FE185F /* ofEvents.h */,
				3C6C5DD60F1EEBE100FE185F /* ofEventUtils.h */,
			);
			path = events;
			sourceTree = "<group>";
		};
		3C6C5DD70F1EEBE100FE185F /* graphics */ = {
			isa = PBXGroup;
			children = (
				3C6C5DD80F1EEBE100FE185F /* ofGraphics.cpp */,
				3C6C5DD90F1EEBE100FE185F /* ofGraphics.h */,
				3C6C5DDA0F1EEBE100FE185F /* ofImage.cpp */,
				3C6C5DDB0F1EEBE100FE185F /* ofImage.h */,
				3C6C5DDC0F1EEBE100FE185F /* ofTexture.cpp */,
				3C6C5DDD0F1EEBE100FE185F /* ofTexture.h */,
				3C6C5DDE0F1EEBE100FE185F /* ofTrueTypeFont.cpp */,
				3C6C5DDF0F1EEBE100FE185F /* ofTrueTypeFont.h */,
			);
			path = graphics;
			sourceTree = "<group>";
		};
		3C6C5DE10F1EEBE100FE185F /* sound */ = {
			isa = PBXGroup;
			children = (
				3C6C5DE20F1EEBE100FE185F /* ofSoundPlayer.cpp */,
				3C6C5DE30F1EEBE100FE185F /* ofSoundPlayer.h */,
				3C6C5DE40F1EEBE100FE185F /* ofSoundStream.cpp */,
				3C6C5DE50F1EEBE100FE185F /* ofSoundStream.h */,
			);
			path = sound;
			sourceTree = "<group>";
		};
		3C6C5DE60F1EEBE100FE185F /* utils */ = {
			isa = PBXGroup;
			children = (
				3C6C5DE70F1EEBE100FE185F /* ofConstants.h */,
				3C6C5DE80F1EEBE100FE185F /* ofMath.cpp */,
				3C6C5DE90F1EEBE100FE185F /* ofMath.h */,
				3C6C5DEA0F1EEBE100FE185F /* ofTypes.h */,
				3C6C5DEB0F1EEBE100FE185F /* ofUtils.cpp */,
				3C6C5DEC0F1EEBE100FE185F /* ofUtils.h */,
			);
			path = utils;
			sourceTree = "<group>";
		};
		3C6C5DED0F1EEBE100FE185F /* video */ = {
			isa = PBXGroup;
			children = (
				3C6C5DEE0F1EEBE100FE185F /* ofQtUtils.cpp */,
				3C6C5DEF0F1EEBE100FE185F /* ofQtUtils.h */,
				3C6C5DF00F1EEBE100FE185F /* ofUCUtils.cpp */,
				3C6C5DF10F1EEBE100FE185F /* ofUCUtils.h */,
				3C6C5DF20F1EEBE100FE185F /* ofV4LUtils.h */,
				3C6C5DF30F1EEBE100FE185F /* ofVideoGrabber.cpp */,
				3C6C5DF40F1EEBE100FE185F /* ofVideoGrabber.h */,
				3C6C5DF50F1EEBE100FE185F /* ofVideoPlayer.cpp */,
				3C6C5DF60F1EEBE100FE185F /* ofVideoPlayer.h */,
			);
			path = video;
			sourceTree = "<group>";
		};
		E411BE010CFA279F007A1F4A /* addons */ = {
			isa = PBXGroup;
			children = (
				29616F240EFBD90300FF6FA3 /* ofxVectorMath */,
				E411BE020CFA279F007A1F4A /* ofAddons.h */,
			);
			name = addons;
			path = ../../../addons;
			sourceTree = SOURCE_ROOT;
		};
		E4B69B4A0A3A1720003C02F2 = {
			isa = PBXGroup;
			children = (
				E4B69E1C0A3A1BDC003C02F2 /* src */,
				E4B69E160A3A1A8B003C02F2 /* libs */,
				F5C26FB40D9AF9EC00D485F4 /* plist */,
				E4B69B5C0A3A1756003C02F2 /* Products */,
			);
			sourceTree = "<group>";
		};
		E4B69B5C0A3A1756003C02F2 /* Products */ = {
			isa = PBXGroup;
			children = (
				E4B69B5B0A3A1756003C02F2 /* openFrameworks.app */,
			);
			name = Products;
			sourceTree = "<group>";
		};
		E4B69E160A3A1A8B003C02F2 /* libs */ = {
			isa = PBXGroup;
			children = (
				3C6C5DC70F1EEBE100FE185F /* openFrameworks */,
				E411BE010CFA279F007A1F4A /* addons */,
			);
			name = libs;
			sourceTree = "<group>";
		};
		E4B69E1C0A3A1BDC003C02F2 /* src */ = {
			isa = PBXGroup;
			children = (
				29616F140EFBD8DE00FF6FA3 /* particles */,
				29616F190EFBD8DE00FF6FA3 /* simulation */,
				29616F1C0EFBD8DE00FF6FA3 /* springs */,
				E4B69E1D0A3A1BDC003C02F2 /* main.cpp */,
				E4B69E1E0A3A1BDC003C02F2 /* testApp.cpp */,
				E4B69E1F0A3A1BDC003C02F2 /* testApp.h */,
			);
			path = src;
			sourceTree = SOURCE_ROOT;
		};
		F5C26FB40D9AF9EC00D485F4 /* plist */ = {
			isa = PBXGroup;
			children = (
				E4B6FCAD0C3E899E008CF71C /* openFrameworks-Info.plist */,
			);
			name = plist;
			path = src;
			sourceTree = "<group>";
		};
/* End PBXGroup section */

/* Begin PBXNativeTarget section */
		E4B69B5A0A3A1756003C02F2 /* openFrameworks */ = {
			isa = PBXNativeTarget;
			buildConfigurationList = E4B69B5F0A3A1757003C02F2 /* Build configuration list for PBXNativeTarget "openFrameworks" */;
			buildPhases = (
				E4B69B570A3A1756003C02F2 /* Resources */,
				E4B69B580A3A1756003C02F2 /* Sources */,
				E4B69B590A3A1756003C02F2 /* Frameworks */,
				E4B6FFFD0C3F9AB9008CF71C /* ShellScript */,
			);
			buildRules = (
			);
			dependencies = (
			);
			name = openFrameworks;
			productName = myOFApp;
			productReference = E4B69B5B0A3A1756003C02F2 /* openFrameworks.app */;
			productType = "com.apple.product-type.application";
		};
/* End PBXNativeTarget section */

/* Begin PBXProject section */
		E4B69B4C0A3A1720003C02F2 /* Project object */ = {
			isa = PBXProject;
			buildConfigurationList = E4B69B4D0A3A1720003C02F2 /* Build configuration list for PBXProject "openFrameworks" */;
			compatibilityVersion = "Xcode 2.4";
			hasScannedForEncodings = 0;
			mainGroup = E4B69B4A0A3A1720003C02F2;
			productRefGroup = E4B69B5C0A3A1756003C02F2 /* Products */;
			projectDirPath = "";
			projectRoot = "";
			targets = (
				E4B69B5A0A3A1756003C02F2 /* openFrameworks */,
			);
		};
/* End PBXProject section */

/* Begin PBXResourcesBuildPhase section */
		E4B69B570A3A1756003C02F2 /* Resources */ = {
			isa = PBXResourcesBuildPhase;
			buildActionMask = 2147483647;
			files = (
				E4B6FCAE0C3E899E008CF71C /* openFrameworks-Info.plist in Resources */,
			);
			runOnlyForDeploymentPostprocessing = 0;
		};
/* End PBXResourcesBuildPhase section */

/* Begin PBXShellScriptBuildPhase section */
		E4B6FFFD0C3F9AB9008CF71C /* ShellScript */ = {
			isa = PBXShellScriptBuildPhase;
			buildActionMask = 2147483647;
			files = (
			);
			inputPaths = (
			);
			outputPaths = (
			);
			runOnlyForDeploymentPostprocessing = 0;
			shellPath = /bin/sh;
			shellScript = "cp -f ../../../libs/fmodex/lib/libfmodex.dylib \"$TARGET_BUILD_DIR/$PRODUCT_NAME.app/Contents/MacOS/libfmodex.dylib\"\ninstall_name_tool -change ./libfmodex.dylib @executable_path/libfmodex.dylib \"$TARGET_BUILD_DIR/$PRODUCT_NAME.app/Contents/MacOS/$PRODUCT_NAME\" ";
		};
/* End PBXShellScriptBuildPhase section */

/* Begin PBXSourcesBuildPhase section */
		E4B69B580A3A1756003C02F2 /* Sources */ = {
			isa = PBXSourcesBuildPhase;
			buildActionMask = 2147483647;
			files = (
				E4B69E200A3A1BDC003C02F2 /* main.cpp in Sources */,
				E4B69E210A3A1BDC003C02F2 /* testApp.cpp in Sources */,
				29616F1F0EFBD8DE00FF6FA3 /* particle.cpp in Sources */,
				29616F200EFBD8DE00FF6FA3 /* particleManager.cpp in Sources */,
				29616F210EFBD8DE00FF6FA3 /* simulationManager.cpp in Sources */,
				29616F220EFBD8DE00FF6FA3 /* spring.cpp in Sources */,
				3C6C5DF70F1EEBE100FE185F /* ofAppRunner.cpp in Sources */,
				3C6C5DF80F1EEBE100FE185F /* ofArduino.cpp in Sources */,
				3C6C5DF90F1EEBE100FE185F /* ofSerial.cpp in Sources */,
				3C6C5DFA0F1EEBE100FE185F /* ofStandardFirmata.cpp in Sources */,
				3C6C5DFB0F1EEBE100FE185F /* ofGraphics.cpp in Sources */,
				3C6C5DFC0F1EEBE100FE185F /* ofImage.cpp in Sources */,
				3C6C5DFD0F1EEBE100FE185F /* ofTexture.cpp in Sources */,
				3C6C5DFE0F1EEBE100FE185F /* ofTrueTypeFont.cpp in Sources */,
				3C6C5DFF0F1EEBE100FE185F /* ofSoundPlayer.cpp in Sources */,
				3C6C5E000F1EEBE100FE185F /* ofSoundStream.cpp in Sources */,
				3C6C5E010F1EEBE100FE185F /* ofMath.cpp in Sources */,
				3C6C5E020F1EEBE100FE185F /* ofUtils.cpp in Sources */,
				3C6C5E030F1EEBE100FE185F /* ofQtUtils.cpp in Sources */,
				3C6C5E040F1EEBE100FE185F /* ofUCUtils.cpp in Sources */,
				3C6C5E050F1EEBE100FE185F /* ofVideoGrabber.cpp in Sources */,
				3C6C5E060F1EEBE100FE185F /* ofVideoPlayer.cpp in Sources */,
			);
			runOnlyForDeploymentPostprocessing = 0;
		};
/* End PBXSourcesBuildPhase section */

/* Begin XCBuildConfiguration section */
		E4B69B4E0A3A1720003C02F2 /* Debug */ = {
			isa = XCBuildConfiguration;
			buildSettings = {
				ARCHS = "$(NATIVE_ARCH)";
				CONFIGURATION_BUILD_DIR = "$(SRCROOT)";
				COPY_PHASE_STRIP = NO;
				GCC_INLINES_ARE_PRIVATE_EXTERN = NO;
				GCC_SYMBOLS_PRIVATE_EXTERN = NO;
				GCC_WARN_ABOUT_DEPRECATED_FUNCTIONS = NO;
				GCC_WARN_ABOUT_INVALID_OFFSETOF_MACRO = NO;
				GCC_WARN_ALLOW_INCOMPLETE_PROTOCOL = NO;
				GCC_WARN_UNINITIALIZED_AUTOS = NO;
				GCC_WARN_UNUSED_VALUE = NO;
				GCC_WARN_UNUSED_VARIABLE = NO;
				HEADER_SEARCH_PATHS = (
					../../../libs/poco/include,
					../../../libs/fmodex/inc,
					"../../../libs/openFrameworks/**",
					"../../../libs/freeimage/include/**",
					"../../../libs/freetype/include/**",
					../../../libs/GLee/include,
					../../../libs/rtAudio/include,
				);
				OTHER_CPLUSPLUSFLAGS = (
					"-D__MACOSX_CORE__",
					"-lpthread",
				);
				OTHER_LDFLAGS = (
					../../../libs/freetype/lib/freetype.a,
					../../../libs/freeimage/lib/freeimage.a,
					../../../libs/fmodex/lib/libfmodex.dylib,
					../../../libs/GLee/lib/GLee.a,
					../../../libs/rtAudio/lib/rtAudio.a,
					"-framework",
					Carbon,
					"-framework",
					GLUT,
					"-framework",
					CoreFoundation,
					"-framework",
					OpenGL,
					"-framework",
					QuickTime,
					"-framework",
					ApplicationServices,
					"-framework",
					AudioToolbox,
					"-framework",
					CoreAudio,
					"-framework",
					CoreServices,
					"-framework",
					AGL,
					../../../libs/poco/lib/libPocoFoundation.a,
				);
				SDKROOT = /Developer/SDKs/MacOSX10.4u.sdk;
			};
			name = Debug;
		};
		E4B69B4F0A3A1720003C02F2 /* Release */ = {
			isa = XCBuildConfiguration;
			buildSettings = {
				ARCHS = (
					ppc,
					i386,
				);
				CONFIGURATION_BUILD_DIR = "$(SRCROOT)";
				COPY_PHASE_STRIP = YES;
				GCC_INLINES_ARE_PRIVATE_EXTERN = NO;
				GCC_SYMBOLS_PRIVATE_EXTERN = NO;
				GCC_WARN_ABOUT_DEPRECATED_FUNCTIONS = NO;
				GCC_WARN_ABOUT_INVALID_OFFSETOF_MACRO = NO;
				GCC_WARN_ALLOW_INCOMPLETE_PROTOCOL = NO;
				GCC_WARN_UNINITIALIZED_AUTOS = NO;
				GCC_WARN_UNUSED_VALUE = NO;
				GCC_WARN_UNUSED_VARIABLE = NO;
				HEADER_SEARCH_PATHS = (
					../../../libs/poco/include,
					../../../libs/fmodex/inc,
					"../../../libs/openFrameworks/**",
					"../../../libs/freeimage/include/**",
					"../../../libs/freetype/include/**",
					../../../libs/GLee/include,
					../../../libs/rtAudio/include,
				);
				OTHER_CPLUSPLUSFLAGS = (
					"-D__MACOSX_CORE__",
					"-lpthread",
				);
				OTHER_LDFLAGS = (
					../../../libs/freetype/lib/freetype.a,
					../../../libs/freeimage/lib/freeimage.a,
					../../../libs/fmodex/lib/libfmodex.dylib,
					../../../libs/GLee/lib/GLee.a,
					../../../libs/rtAudio/lib/rtAudio.a,
					"-framework",
					Carbon,
					"-framework",
					GLUT,
					"-framework",
					CoreFoundation,
					"-framework",
					OpenGL,
					"-framework",
					QuickTime,
					"-framework",
					ApplicationServices,
					"-framework",
					AudioToolbox,
					"-framework",
					CoreAudio,
					"-framework",
					CoreServices,
					"-framework",
					AGL,
					../../../libs/poco/lib/libPocoFoundation.a,
				);
				SDKROOT = /Developer/SDKs/MacOSX10.4u.sdk;
			};
			name = Release;
		};
		E4B69B600A3A1757003C02F2 /* Debug */ = {
			isa = XCBuildConfiguration;
			buildSettings = {
				COPY_PHASE_STRIP = NO;
				GCC_DYNAMIC_NO_PIC = NO;
				GCC_ENABLE_FIX_AND_CONTINUE = YES;
				GCC_GENERATE_DEBUGGING_SYMBOLS = YES;
				GCC_MODEL_TUNING = G4;
				GCC_OPTIMIZATION_LEVEL = 0;
				GCC_PRECOMPILE_PREFIX_HEADER = YES;
				GCC_PREFIX_HEADER = "$(SYSTEM_LIBRARY_DIR)/Frameworks/Carbon.framework/Headers/Carbon.h";
				INFOPLIST_FILE = "openFrameworks-Info.plist";
				INSTALL_PATH = "$(HOME)/Applications";
				PREBINDING = NO;
				PRODUCT_NAME = openFrameworksDebug;
				WRAPPER_EXTENSION = app;
				ZERO_LINK = NO;
			};
			name = Debug;
		};
		E4B69B610A3A1757003C02F2 /* Release */ = {
			isa = XCBuildConfiguration;
			buildSettings = {
				COPY_PHASE_STRIP = YES;
				GCC_ENABLE_FIX_AND_CONTINUE = NO;
				GCC_GENERATE_DEBUGGING_SYMBOLS = NO;
				GCC_MODEL_TUNING = G4;
				GCC_PRECOMPILE_PREFIX_HEADER = YES;
				GCC_PREFIX_HEADER = "$(SYSTEM_LIBRARY_DIR)/Frameworks/Carbon.framework/Headers/Carbon.h";
				INFOPLIST_FILE = "openFrameworks-Info.plist";
				INSTALL_PATH = "$(HOME)/Applications";
				PREBINDING = NO;
				PRODUCT_NAME = openFrameworks;
				WRAPPER_EXTENSION = app;
				ZERO_LINK = NO;
			};
			name = Release;
		};
/* End XCBuildConfiguration section */

/* Begin XCConfigurationList section */
		E4B69B4D0A3A1720003C02F2 /* Build configuration list for PBXProject "openFrameworks" */ = {
			isa = XCConfigurationList;
			buildConfigurations = (
				E4B69B4E0A3A1720003C02F2 /* Debug */,
				E4B69B4F0A3A1720003C02F2 /* Release */,
			);
			defaultConfigurationIsVisible = 0;
			defaultConfigurationName = Release;
		};
		E4B69B5F0A3A1757003C02F2 /* Build configuration list for PBXNativeTarget "openFrameworks" */ = {
			isa = XCConfigurationList;
			buildConfigurations = (
				E4B69B600A3A1757003C02F2 /* Debug */,
				E4B69B610A3A1757003C02F2 /* Release */,
			);
			defaultConfigurationIsVisible = 0;
			defaultConfigurationName = Release;
		};
/* End XCConfigurationList section */
	};
	rootObject = E4B69B4C0A3A1720003C02F2 /* Project object */;
}
