// !$*UTF8*$!
{
	archiveVersion = 1;
	classes = {
	};
	objectVersion = 42;
	objects = {

/* Begin PBXBuildFile section */
		3C37C3910F12DEC1000BA9B7 /* b2BroadPhase.cpp in Sources */ = {isa = PBXBuildFile; fileRef = 3C37C34F0F12DEC1000BA9B7 /* b2BroadPhase.cpp */; };
		3C37C3920F12DEC1000BA9B7 /* b2CollideCircle.cpp in Sources */ = {isa = PBXBuildFile; fileRef = 3C37C3510F12DEC1000BA9B7 /* b2CollideCircle.cpp */; };
		3C37C3930F12DEC1000BA9B7 /* b2CollidePoly.cpp in Sources */ = {isa = PBXBuildFile; fileRef = 3C37C3520F12DEC1000BA9B7 /* b2CollidePoly.cpp */; };
		3C37C3940F12DEC1000BA9B7 /* b2Collision.cpp in Sources */ = {isa = PBXBuildFile; fileRef = 3C37C3530F12DEC1000BA9B7 /* b2Collision.cpp */; };
		3C37C3950F12DEC1000BA9B7 /* b2Distance.cpp in Sources */ = {isa = PBXBuildFile; fileRef = 3C37C3550F12DEC1000BA9B7 /* b2Distance.cpp */; };
		3C37C3960F12DEC1000BA9B7 /* b2PairManager.cpp in Sources */ = {isa = PBXBuildFile; fileRef = 3C37C3560F12DEC1000BA9B7 /* b2PairManager.cpp */; };
		3C37C3970F12DEC1000BA9B7 /* b2TimeOfImpact.cpp in Sources */ = {isa = PBXBuildFile; fileRef = 3C37C3580F12DEC1000BA9B7 /* b2TimeOfImpact.cpp */; };
		3C37C3980F12DEC1000BA9B7 /* b2CircleShape.cpp in Sources */ = {isa = PBXBuildFile; fileRef = 3C37C35A0F12DEC1000BA9B7 /* b2CircleShape.cpp */; };
		3C37C3990F12DEC1000BA9B7 /* b2PolygonShape.cpp in Sources */ = {isa = PBXBuildFile; fileRef = 3C37C35C0F12DEC1000BA9B7 /* b2PolygonShape.cpp */; };
		3C37C39A0F12DEC1000BA9B7 /* b2Shape.cpp in Sources */ = {isa = PBXBuildFile; fileRef = 3C37C35E0F12DEC1000BA9B7 /* b2Shape.cpp */; };
		3C37C39B0F12DEC1000BA9B7 /* b2BlockAllocator.cpp in Sources */ = {isa = PBXBuildFile; fileRef = 3C37C3610F12DEC1000BA9B7 /* b2BlockAllocator.cpp */; };
		3C37C39C0F12DEC1000BA9B7 /* b2Math.cpp in Sources */ = {isa = PBXBuildFile; fileRef = 3C37C3630F12DEC1000BA9B7 /* b2Math.cpp */; };
		3C37C39D0F12DEC1000BA9B7 /* b2Settings.cpp in Sources */ = {isa = PBXBuildFile; fileRef = 3C37C3650F12DEC1000BA9B7 /* b2Settings.cpp */; };
		3C37C39E0F12DEC1000BA9B7 /* b2StackAllocator.cpp in Sources */ = {isa = PBXBuildFile; fileRef = 3C37C3670F12DEC1000BA9B7 /* b2StackAllocator.cpp */; };
		3C37C39F0F12DEC1000BA9B7 /* b2Body.cpp in Sources */ = {isa = PBXBuildFile; fileRef = 3C37C36C0F12DEC1000BA9B7 /* b2Body.cpp */; };
		3C37C3A00F12DEC1000BA9B7 /* b2ContactManager.cpp in Sources */ = {isa = PBXBuildFile; fileRef = 3C37C36E0F12DEC1000BA9B7 /* b2ContactManager.cpp */; };
		3C37C3A10F12DEC1000BA9B7 /* b2Island.cpp in Sources */ = {isa = PBXBuildFile; fileRef = 3C37C3700F12DEC1000BA9B7 /* b2Island.cpp */; };
		3C37C3A20F12DEC1000BA9B7 /* b2World.cpp in Sources */ = {isa = PBXBuildFile; fileRef = 3C37C3720F12DEC1000BA9B7 /* b2World.cpp */; };
		3C37C3A30F12DEC1000BA9B7 /* b2WorldCallbacks.cpp in Sources */ = {isa = PBXBuildFile; fileRef = 3C37C3740F12DEC1000BA9B7 /* b2WorldCallbacks.cpp */; };
		3C37C3A40F12DEC1000BA9B7 /* b2CircleContact.cpp in Sources */ = {isa = PBXBuildFile; fileRef = 3C37C3770F12DEC1000BA9B7 /* b2CircleContact.cpp */; };
		3C37C3A50F12DEC1000BA9B7 /* b2Contact.cpp in Sources */ = {isa = PBXBuildFile; fileRef = 3C37C3790F12DEC1000BA9B7 /* b2Contact.cpp */; };
		3C37C3A60F12DEC1000BA9B7 /* b2ContactSolver.cpp in Sources */ = {isa = PBXBuildFile; fileRef = 3C37C37B0F12DEC1000BA9B7 /* b2ContactSolver.cpp */; };
		3C37C3A70F12DEC1000BA9B7 /* b2PolyAndCircleContact.cpp in Sources */ = {isa = PBXBuildFile; fileRef = 3C37C37E0F12DEC1000BA9B7 /* b2PolyAndCircleContact.cpp */; };
		3C37C3A80F12DEC1000BA9B7 /* b2PolyContact.cpp in Sources */ = {isa = PBXBuildFile; fileRef = 3C37C3800F12DEC1000BA9B7 /* b2PolyContact.cpp */; };
		3C37C3A90F12DEC1000BA9B7 /* b2DistanceJoint.cpp in Sources */ = {isa = PBXBuildFile; fileRef = 3C37C3830F12DEC1000BA9B7 /* b2DistanceJoint.cpp */; };
		3C37C3AA0F12DEC1000BA9B7 /* b2GearJoint.cpp in Sources */ = {isa = PBXBuildFile; fileRef = 3C37C3850F12DEC1000BA9B7 /* b2GearJoint.cpp */; };
		3C37C3AB0F12DEC1000BA9B7 /* b2Joint.cpp in Sources */ = {isa = PBXBuildFile; fileRef = 3C37C3870F12DEC1000BA9B7 /* b2Joint.cpp */; };
		3C37C3AC0F12DEC1000BA9B7 /* b2MouseJoint.cpp in Sources */ = {isa = PBXBuildFile; fileRef = 3C37C3890F12DEC1000BA9B7 /* b2MouseJoint.cpp */; };
		3C37C3AD0F12DEC1000BA9B7 /* b2PrismaticJoint.cpp in Sources */ = {isa = PBXBuildFile; fileRef = 3C37C38B0F12DEC1000BA9B7 /* b2PrismaticJoint.cpp */; };
		3C37C3AE0F12DEC1000BA9B7 /* b2PulleyJoint.cpp in Sources */ = {isa = PBXBuildFile; fileRef = 3C37C38D0F12DEC1000BA9B7 /* b2PulleyJoint.cpp */; };
		3C37C3AF0F12DEC1000BA9B7 /* b2RevoluteJoint.cpp in Sources */ = {isa = PBXBuildFile; fileRef = 3C37C38F0F12DEC1000BA9B7 /* b2RevoluteJoint.cpp */; };
		3C440EF30F1EE2FE00D96119 /* ofAppRunner.cpp in Sources */ = {isa = PBXBuildFile; fileRef = 3C440EC60F1EE2FE00D96119 /* ofAppRunner.cpp */; };
		3C440EF40F1EE2FE00D96119 /* ofArduino.cpp in Sources */ = {isa = PBXBuildFile; fileRef = 3C440ECA0F1EE2FE00D96119 /* ofArduino.cpp */; };
		3C440EF50F1EE2FE00D96119 /* ofSerial.cpp in Sources */ = {isa = PBXBuildFile; fileRef = 3C440ECC0F1EE2FE00D96119 /* ofSerial.cpp */; };
		3C440EF60F1EE2FE00D96119 /* ofStandardFirmata.cpp in Sources */ = {isa = PBXBuildFile; fileRef = 3C440ECE0F1EE2FE00D96119 /* ofStandardFirmata.cpp */; };
		3C440EF70F1EE2FE00D96119 /* ofGraphics.cpp in Sources */ = {isa = PBXBuildFile; fileRef = 3C440ED40F1EE2FE00D96119 /* ofGraphics.cpp */; };
		3C440EF80F1EE2FE00D96119 /* ofImage.cpp in Sources */ = {isa = PBXBuildFile; fileRef = 3C440ED60F1EE2FE00D96119 /* ofImage.cpp */; };
		3C440EF90F1EE2FE00D96119 /* ofTexture.cpp in Sources */ = {isa = PBXBuildFile; fileRef = 3C440ED80F1EE2FE00D96119 /* ofTexture.cpp */; };
		3C440EFA0F1EE2FE00D96119 /* ofTrueTypeFont.cpp in Sources */ = {isa = PBXBuildFile; fileRef = 3C440EDA0F1EE2FE00D96119 /* ofTrueTypeFont.cpp */; };
		3C440EFB0F1EE2FE00D96119 /* ofSoundPlayer.cpp in Sources */ = {isa = PBXBuildFile; fileRef = 3C440EDE0F1EE2FE00D96119 /* ofSoundPlayer.cpp */; };
		3C440EFC0F1EE2FE00D96119 /* ofSoundStream.cpp in Sources */ = {isa = PBXBuildFile; fileRef = 3C440EE00F1EE2FE00D96119 /* ofSoundStream.cpp */; };
		3C440EFD0F1EE2FE00D96119 /* ofMath.cpp in Sources */ = {isa = PBXBuildFile; fileRef = 3C440EE40F1EE2FE00D96119 /* ofMath.cpp */; };
		3C440EFE0F1EE2FE00D96119 /* ofUtils.cpp in Sources */ = {isa = PBXBuildFile; fileRef = 3C440EE70F1EE2FE00D96119 /* ofUtils.cpp */; };
		3C440EFF0F1EE2FE00D96119 /* ofQtUtils.cpp in Sources */ = {isa = PBXBuildFile; fileRef = 3C440EEA0F1EE2FE00D96119 /* ofQtUtils.cpp */; };
		3C440F000F1EE2FE00D96119 /* ofUCUtils.cpp in Sources */ = {isa = PBXBuildFile; fileRef = 3C440EEC0F1EE2FE00D96119 /* ofUCUtils.cpp */; };
		3C440F010F1EE2FE00D96119 /* ofVideoGrabber.cpp in Sources */ = {isa = PBXBuildFile; fileRef = 3C440EEF0F1EE2FE00D96119 /* ofVideoGrabber.cpp */; };
		3C440F020F1EE2FE00D96119 /* ofVideoPlayer.cpp in Sources */ = {isa = PBXBuildFile; fileRef = 3C440EF10F1EE2FE00D96119 /* ofVideoPlayer.cpp */; };
		3C969EAD0F12D8CC003E060C /* TestWorld.cpp in Sources */ = {isa = PBXBuildFile; fileRef = 3C969EAB0F12D8CC003E060C /* TestWorld.cpp */; };
		E4B69E200A3A1BDC003C02F2 /* main.cpp in Sources */ = {isa = PBXBuildFile; fileRef = E4B69E1D0A3A1BDC003C02F2 /* main.cpp */; };
		E4B69E210A3A1BDC003C02F2 /* testApp.cpp in Sources */ = {isa = PBXBuildFile; fileRef = E4B69E1E0A3A1BDC003C02F2 /* testApp.cpp */; };
		E4B6FCAE0C3E899E008CF71C /* openFrameworks-Info.plist in Resources */ = {isa = PBXBuildFile; fileRef = E4B6FCAD0C3E899E008CF71C /* openFrameworks-Info.plist */; };
/* End PBXBuildFile section */

/* Begin PBXFileReference section */
		3C37C34C0F12DEC1000BA9B7 /* Box2D.h */ = {isa = PBXFileReference; fileEncoding = 30; lastKnownFileType = sourcecode.c.h; path = Box2D.h; sourceTree = "<group>"; };
		3C37C34F0F12DEC1000BA9B7 /* b2BroadPhase.cpp */ = {isa = PBXFileReference; fileEncoding = 30; lastKnownFileType = sourcecode.cpp.cpp; path = b2BroadPhase.cpp; sourceTree = "<group>"; };
		3C37C3500F12DEC1000BA9B7 /* b2BroadPhase.h */ = {isa = PBXFileReference; fileEncoding = 30; lastKnownFileType = sourcecode.c.h; path = b2BroadPhase.h; sourceTree = "<group>"; };
		3C37C3510F12DEC1000BA9B7 /* b2CollideCircle.cpp */ = {isa = PBXFileReference; fileEncoding = 30; lastKnownFileType = sourcecode.cpp.cpp; path = b2CollideCircle.cpp; sourceTree = "<group>"; };
		3C37C3520F12DEC1000BA9B7 /* b2CollidePoly.cpp */ = {isa = PBXFileReference; fileEncoding = 30; lastKnownFileType = sourcecode.cpp.cpp; path = b2CollidePoly.cpp; sourceTree = "<group>"; };
		3C37C3530F12DEC1000BA9B7 /* b2Collision.cpp */ = {isa = PBXFileReference; fileEncoding = 30; lastKnownFileType = sourcecode.cpp.cpp; path = b2Collision.cpp; sourceTree = "<group>"; };
		3C37C3540F12DEC1000BA9B7 /* b2Collision.h */ = {isa = PBXFileReference; fileEncoding = 30; lastKnownFileType = sourcecode.c.h; path = b2Collision.h; sourceTree = "<group>"; };
		3C37C3550F12DEC1000BA9B7 /* b2Distance.cpp */ = {isa = PBXFileReference; fileEncoding = 30; lastKnownFileType = sourcecode.cpp.cpp; path = b2Distance.cpp; sourceTree = "<group>"; };
		3C37C3560F12DEC1000BA9B7 /* b2PairManager.cpp */ = {isa = PBXFileReference; fileEncoding = 30; lastKnownFileType = sourcecode.cpp.cpp; path = b2PairManager.cpp; sourceTree = "<group>"; };
		3C37C3570F12DEC1000BA9B7 /* b2PairManager.h */ = {isa = PBXFileReference; fileEncoding = 30; lastKnownFileType = sourcecode.c.h; path = b2PairManager.h; sourceTree = "<group>"; };
		3C37C3580F12DEC1000BA9B7 /* b2TimeOfImpact.cpp */ = {isa = PBXFileReference; fileEncoding = 30; lastKnownFileType = sourcecode.cpp.cpp; path = b2TimeOfImpact.cpp; sourceTree = "<group>"; };
		3C37C35A0F12DEC1000BA9B7 /* b2CircleShape.cpp */ = {isa = PBXFileReference; fileEncoding = 30; lastKnownFileType = sourcecode.cpp.cpp; path = b2CircleShape.cpp; sourceTree = "<group>"; };
		3C37C35B0F12DEC1000BA9B7 /* b2CircleShape.h */ = {isa = PBXFileReference; fileEncoding = 30; lastKnownFileType = sourcecode.c.h; path = b2CircleShape.h; sourceTree = "<group>"; };
		3C37C35C0F12DEC1000BA9B7 /* b2PolygonShape.cpp */ = {isa = PBXFileReference; fileEncoding = 30; lastKnownFileType = sourcecode.cpp.cpp; path = b2PolygonShape.cpp; sourceTree = "<group>"; };
		3C37C35D0F12DEC1000BA9B7 /* b2PolygonShape.h */ = {isa = PBXFileReference; fileEncoding = 30; lastKnownFileType = sourcecode.c.h; path = b2PolygonShape.h; sourceTree = "<group>"; };
		3C37C35E0F12DEC1000BA9B7 /* b2Shape.cpp */ = {isa = PBXFileReference; fileEncoding = 30; lastKnownFileType = sourcecode.cpp.cpp; path = b2Shape.cpp; sourceTree = "<group>"; };
		3C37C35F0F12DEC1000BA9B7 /* b2Shape.h */ = {isa = PBXFileReference; fileEncoding = 30; lastKnownFileType = sourcecode.c.h; path = b2Shape.h; sourceTree = "<group>"; };
		3C37C3610F12DEC1000BA9B7 /* b2BlockAllocator.cpp */ = {isa = PBXFileReference; fileEncoding = 30; lastKnownFileType = sourcecode.cpp.cpp; path = b2BlockAllocator.cpp; sourceTree = "<group>"; };
		3C37C3620F12DEC1000BA9B7 /* b2BlockAllocator.h */ = {isa = PBXFileReference; fileEncoding = 30; lastKnownFileType = sourcecode.c.h; path = b2BlockAllocator.h; sourceTree = "<group>"; };
		3C37C3630F12DEC1000BA9B7 /* b2Math.cpp */ = {isa = PBXFileReference; fileEncoding = 30; lastKnownFileType = sourcecode.cpp.cpp; path = b2Math.cpp; sourceTree = "<group>"; };
		3C37C3640F12DEC1000BA9B7 /* b2Math.h */ = {isa = PBXFileReference; fileEncoding = 30; lastKnownFileType = sourcecode.c.h; path = b2Math.h; sourceTree = "<group>"; };
		3C37C3650F12DEC1000BA9B7 /* b2Settings.cpp */ = {isa = PBXFileReference; fileEncoding = 30; lastKnownFileType = sourcecode.cpp.cpp; path = b2Settings.cpp; sourceTree = "<group>"; };
		3C37C3660F12DEC1000BA9B7 /* b2Settings.h */ = {isa = PBXFileReference; fileEncoding = 30; lastKnownFileType = sourcecode.c.h; path = b2Settings.h; sourceTree = "<group>"; };
		3C37C3670F12DEC1000BA9B7 /* b2StackAllocator.cpp */ = {isa = PBXFileReference; fileEncoding = 30; lastKnownFileType = sourcecode.cpp.cpp; path = b2StackAllocator.cpp; sourceTree = "<group>"; };
		3C37C3680F12DEC1000BA9B7 /* b2StackAllocator.h */ = {isa = PBXFileReference; fileEncoding = 30; lastKnownFileType = sourcecode.c.h; path = b2StackAllocator.h; sourceTree = "<group>"; };
		3C37C3690F12DEC1000BA9B7 /* Fixed.h */ = {isa = PBXFileReference; fileEncoding = 30; lastKnownFileType = sourcecode.c.h; path = Fixed.h; sourceTree = "<group>"; };
		3C37C36A0F12DEC1000BA9B7 /* jtypes.h */ = {isa = PBXFileReference; fileEncoding = 30; lastKnownFileType = sourcecode.c.h; path = jtypes.h; sourceTree = "<group>"; };
		3C37C36C0F12DEC1000BA9B7 /* b2Body.cpp */ = {isa = PBXFileReference; fileEncoding = 30; lastKnownFileType = sourcecode.cpp.cpp; path = b2Body.cpp; sourceTree = "<group>"; };
		3C37C36D0F12DEC1000BA9B7 /* b2Body.h */ = {isa = PBXFileReference; fileEncoding = 30; lastKnownFileType = sourcecode.c.h; path = b2Body.h; sourceTree = "<group>"; };
		3C37C36E0F12DEC1000BA9B7 /* b2ContactManager.cpp */ = {isa = PBXFileReference; fileEncoding = 30; lastKnownFileType = sourcecode.cpp.cpp; path = b2ContactManager.cpp; sourceTree = "<group>"; };
		3C37C36F0F12DEC1000BA9B7 /* b2ContactManager.h */ = {isa = PBXFileReference; fileEncoding = 30; lastKnownFileType = sourcecode.c.h; path = b2ContactManager.h; sourceTree = "<group>"; };
		3C37C3700F12DEC1000BA9B7 /* b2Island.cpp */ = {isa = PBXFileReference; fileEncoding = 30; lastKnownFileType = sourcecode.cpp.cpp; path = b2Island.cpp; sourceTree = "<group>"; };
		3C37C3710F12DEC1000BA9B7 /* b2Island.h */ = {isa = PBXFileReference; fileEncoding = 30; lastKnownFileType = sourcecode.c.h; path = b2Island.h; sourceTree = "<group>"; };
		3C37C3720F12DEC1000BA9B7 /* b2World.cpp */ = {isa = PBXFileReference; fileEncoding = 30; lastKnownFileType = sourcecode.cpp.cpp; path = b2World.cpp; sourceTree = "<group>"; };
		3C37C3730F12DEC1000BA9B7 /* b2World.h */ = {isa = PBXFileReference; fileEncoding = 30; lastKnownFileType = sourcecode.c.h; path = b2World.h; sourceTree = "<group>"; };
		3C37C3740F12DEC1000BA9B7 /* b2WorldCallbacks.cpp */ = {isa = PBXFileReference; fileEncoding = 30; lastKnownFileType = sourcecode.cpp.cpp; path = b2WorldCallbacks.cpp; sourceTree = "<group>"; };
		3C37C3750F12DEC1000BA9B7 /* b2WorldCallbacks.h */ = {isa = PBXFileReference; fileEncoding = 30; lastKnownFileType = sourcecode.c.h; path = b2WorldCallbacks.h; sourceTree = "<group>"; };
		3C37C3770F12DEC1000BA9B7 /* b2CircleContact.cpp */ = {isa = PBXFileReference; fileEncoding = 30; lastKnownFileType = sourcecode.cpp.cpp; path = b2CircleContact.cpp; sourceTree = "<group>"; };
		3C37C3780F12DEC1000BA9B7 /* b2CircleContact.h */ = {isa = PBXFileReference; fileEncoding = 30; lastKnownFileType = sourcecode.c.h; path = b2CircleContact.h; sourceTree = "<group>"; };
		3C37C3790F12DEC1000BA9B7 /* b2Contact.cpp */ = {isa = PBXFileReference; fileEncoding = 30; lastKnownFileType = sourcecode.cpp.cpp; path = b2Contact.cpp; sourceTree = "<group>"; };
		3C37C37A0F12DEC1000BA9B7 /* b2Contact.h */ = {isa = PBXFileReference; fileEncoding = 30; lastKnownFileType = sourcecode.c.h; path = b2Contact.h; sourceTree = "<group>"; };
		3C37C37B0F12DEC1000BA9B7 /* b2ContactSolver.cpp */ = {isa = PBXFileReference; fileEncoding = 30; lastKnownFileType = sourcecode.cpp.cpp; path = b2ContactSolver.cpp; sourceTree = "<group>"; };
		3C37C37C0F12DEC1000BA9B7 /* b2ContactSolver.h */ = {isa = PBXFileReference; fileEncoding = 30; lastKnownFileType = sourcecode.c.h; path = b2ContactSolver.h; sourceTree = "<group>"; };
		3C37C37D0F12DEC1000BA9B7 /* b2NullContact.h */ = {isa = PBXFileReference; fileEncoding = 30; lastKnownFileType = sourcecode.c.h; path = b2NullContact.h; sourceTree = "<group>"; };
		3C37C37E0F12DEC1000BA9B7 /* b2PolyAndCircleContact.cpp */ = {isa = PBXFileReference; fileEncoding = 30; lastKnownFileType = sourcecode.cpp.cpp; path = b2PolyAndCircleContact.cpp; sourceTree = "<group>"; };
		3C37C37F0F12DEC1000BA9B7 /* b2PolyAndCircleContact.h */ = {isa = PBXFileReference; fileEncoding = 30; lastKnownFileType = sourcecode.c.h; path = b2PolyAndCircleContact.h; sourceTree = "<group>"; };
		3C37C3800F12DEC1000BA9B7 /* b2PolyContact.cpp */ = {isa = PBXFileReference; fileEncoding = 30; lastKnownFileType = sourcecode.cpp.cpp; path = b2PolyContact.cpp; sourceTree = "<group>"; };
		3C37C3810F12DEC1000BA9B7 /* b2PolyContact.h */ = {isa = PBXFileReference; fileEncoding = 30; lastKnownFileType = sourcecode.c.h; path = b2PolyContact.h; sourceTree = "<group>"; };
		3C37C3830F12DEC1000BA9B7 /* b2DistanceJoint.cpp */ = {isa = PBXFileReference; fileEncoding = 30; lastKnownFileType = sourcecode.cpp.cpp; path = b2DistanceJoint.cpp; sourceTree = "<group>"; };
		3C37C3840F12DEC1000BA9B7 /* b2DistanceJoint.h */ = {isa = PBXFileReference; fileEncoding = 30; lastKnownFileType = sourcecode.c.h; path = b2DistanceJoint.h; sourceTree = "<group>"; };
		3C37C3850F12DEC1000BA9B7 /* b2GearJoint.cpp */ = {isa = PBXFileReference; fileEncoding = 30; lastKnownFileType = sourcecode.cpp.cpp; path = b2GearJoint.cpp; sourceTree = "<group>"; };
		3C37C3860F12DEC1000BA9B7 /* b2GearJoint.h */ = {isa = PBXFileReference; fileEncoding = 30; lastKnownFileType = sourcecode.c.h; path = b2GearJoint.h; sourceTree = "<group>"; };
		3C37C3870F12DEC1000BA9B7 /* b2Joint.cpp */ = {isa = PBXFileReference; fileEncoding = 30; lastKnownFileType = sourcecode.cpp.cpp; path = b2Joint.cpp; sourceTree = "<group>"; };
		3C37C3880F12DEC1000BA9B7 /* b2Joint.h */ = {isa = PBXFileReference; fileEncoding = 30; lastKnownFileType = sourcecode.c.h; path = b2Joint.h; sourceTree = "<group>"; };
		3C37C3890F12DEC1000BA9B7 /* b2MouseJoint.cpp */ = {isa = PBXFileReference; fileEncoding = 30; lastKnownFileType = sourcecode.cpp.cpp; path = b2MouseJoint.cpp; sourceTree = "<group>"; };
		3C37C38A0F12DEC1000BA9B7 /* b2MouseJoint.h */ = {isa = PBXFileReference; fileEncoding = 30; lastKnownFileType = sourcecode.c.h; path = b2MouseJoint.h; sourceTree = "<group>"; };
		3C37C38B0F12DEC1000BA9B7 /* b2PrismaticJoint.cpp */ = {isa = PBXFileReference; fileEncoding = 30; lastKnownFileType = sourcecode.cpp.cpp; path = b2PrismaticJoint.cpp; sourceTree = "<group>"; };
		3C37C38C0F12DEC1000BA9B7 /* b2PrismaticJoint.h */ = {isa = PBXFileReference; fileEncoding = 30; lastKnownFileType = sourcecode.c.h; path = b2PrismaticJoint.h; sourceTree = "<group>"; };
		3C37C38D0F12DEC1000BA9B7 /* b2PulleyJoint.cpp */ = {isa = PBXFileReference; fileEncoding = 30; lastKnownFileType = sourcecode.cpp.cpp; path = b2PulleyJoint.cpp; sourceTree = "<group>"; };
		3C37C38E0F12DEC1000BA9B7 /* b2PulleyJoint.h */ = {isa = PBXFileReference; fileEncoding = 30; lastKnownFileType = sourcecode.c.h; path = b2PulleyJoint.h; sourceTree = "<group>"; };
		3C37C38F0F12DEC1000BA9B7 /* b2RevoluteJoint.cpp */ = {isa = PBXFileReference; fileEncoding = 30; lastKnownFileType = sourcecode.cpp.cpp; path = b2RevoluteJoint.cpp; sourceTree = "<group>"; };
		3C37C3900F12DEC1000BA9B7 /* b2RevoluteJoint.h */ = {isa = PBXFileReference; fileEncoding = 30; lastKnownFileType = sourcecode.c.h; path = b2RevoluteJoint.h; sourceTree = "<group>"; };
		3C440EC50F1EE2FE00D96119 /* ofAppGlutGlue.h */ = {isa = PBXFileReference; fileEncoding = 30; lastKnownFileType = sourcecode.c.h; path = ofAppGlutGlue.h; sourceTree = "<group>"; };
		3C440EC60F1EE2FE00D96119 /* ofAppRunner.cpp */ = {isa = PBXFileReference; fileEncoding = 30; lastKnownFileType = sourcecode.cpp.cpp; path = ofAppRunner.cpp; sourceTree = "<group>"; };
		3C440EC70F1EE2FE00D96119 /* ofAppRunner.h */ = {isa = PBXFileReference; fileEncoding = 30; lastKnownFileType = sourcecode.c.h; path = ofAppRunner.h; sourceTree = "<group>"; };
		3C440EC80F1EE2FE00D96119 /* ofBaseApp.h */ = {isa = PBXFileReference; fileEncoding = 30; lastKnownFileType = sourcecode.c.h; path = ofBaseApp.h; sourceTree = "<group>"; };
		3C440ECA0F1EE2FE00D96119 /* ofArduino.cpp */ = {isa = PBXFileReference; fileEncoding = 30; lastKnownFileType = sourcecode.cpp.cpp; path = ofArduino.cpp; sourceTree = "<group>"; };
		3C440ECB0F1EE2FE00D96119 /* ofArduino.h */ = {isa = PBXFileReference; fileEncoding = 30; lastKnownFileType = sourcecode.c.h; path = ofArduino.h; sourceTree = "<group>"; };
		3C440ECC0F1EE2FE00D96119 /* ofSerial.cpp */ = {isa = PBXFileReference; fileEncoding = 30; lastKnownFileType = sourcecode.cpp.cpp; path = ofSerial.cpp; sourceTree = "<group>"; };
		3C440ECD0F1EE2FE00D96119 /* ofSerial.h */ = {isa = PBXFileReference; fileEncoding = 30; lastKnownFileType = sourcecode.c.h; path = ofSerial.h; sourceTree = "<group>"; };
		3C440ECE0F1EE2FE00D96119 /* ofStandardFirmata.cpp */ = {isa = PBXFileReference; fileEncoding = 30; lastKnownFileType = sourcecode.cpp.cpp; path = ofStandardFirmata.cpp; sourceTree = "<group>"; };
		3C440ECF0F1EE2FE00D96119 /* ofStandardFirmata.h */ = {isa = PBXFileReference; fileEncoding = 30; lastKnownFileType = sourcecode.c.h; path = ofStandardFirmata.h; sourceTree = "<group>"; };
		3C440ED10F1EE2FE00D96119 /* ofEvents.h */ = {isa = PBXFileReference; fileEncoding = 30; lastKnownFileType = sourcecode.c.h; path = ofEvents.h; sourceTree = "<group>"; };
		3C440ED20F1EE2FE00D96119 /* ofEventUtils.h */ = {isa = PBXFileReference; fileEncoding = 30; lastKnownFileType = sourcecode.c.h; path = ofEventUtils.h; sourceTree = "<group>"; };
		3C440ED40F1EE2FE00D96119 /* ofGraphics.cpp */ = {isa = PBXFileReference; fileEncoding = 30; lastKnownFileType = sourcecode.cpp.cpp; path = ofGraphics.cpp; sourceTree = "<group>"; };
		3C440ED50F1EE2FE00D96119 /* ofGraphics.h */ = {isa = PBXFileReference; fileEncoding = 30; lastKnownFileType = sourcecode.c.h; path = ofGraphics.h; sourceTree = "<group>"; };
		3C440ED60F1EE2FE00D96119 /* ofImage.cpp */ = {isa = PBXFileReference; fileEncoding = 30; lastKnownFileType = sourcecode.cpp.cpp; path = ofImage.cpp; sourceTree = "<group>"; };
		3C440ED70F1EE2FE00D96119 /* ofImage.h */ = {isa = PBXFileReference; fileEncoding = 30; lastKnownFileType = sourcecode.c.h; path = ofImage.h; sourceTree = "<group>"; };
		3C440ED80F1EE2FE00D96119 /* ofTexture.cpp */ = {isa = PBXFileReference; fileEncoding = 30; lastKnownFileType = sourcecode.cpp.cpp; path = ofTexture.cpp; sourceTree = "<group>"; };
		3C440ED90F1EE2FE00D96119 /* ofTexture.h */ = {isa = PBXFileReference; fileEncoding = 30; lastKnownFileType = sourcecode.c.h; path = ofTexture.h; sourceTree = "<group>"; };
		3C440EDA0F1EE2FE00D96119 /* ofTrueTypeFont.cpp */ = {isa = PBXFileReference; fileEncoding = 30; lastKnownFileType = sourcecode.cpp.cpp; path = ofTrueTypeFont.cpp; sourceTree = "<group>"; };
		3C440EDB0F1EE2FE00D96119 /* ofTrueTypeFont.h */ = {isa = PBXFileReference; fileEncoding = 30; lastKnownFileType = sourcecode.c.h; path = ofTrueTypeFont.h; sourceTree = "<group>"; };
		3C440EDC0F1EE2FE00D96119 /* ofMain.h */ = {isa = PBXFileReference; fileEncoding = 30; lastKnownFileType = sourcecode.c.h; path = ofMain.h; sourceTree = "<group>"; };
		3C440EDE0F1EE2FE00D96119 /* ofSoundPlayer.cpp */ = {isa = PBXFileReference; fileEncoding = 30; lastKnownFileType = sourcecode.cpp.cpp; path = ofSoundPlayer.cpp; sourceTree = "<group>"; };
		3C440EDF0F1EE2FE00D96119 /* ofSoundPlayer.h */ = {isa = PBXFileReference; fileEncoding = 30; lastKnownFileType = sourcecode.c.h; path = ofSoundPlayer.h; sourceTree = "<group>"; };
		3C440EE00F1EE2FE00D96119 /* ofSoundStream.cpp */ = {isa = PBXFileReference; fileEncoding = 30; lastKnownFileType = sourcecode.cpp.cpp; path = ofSoundStream.cpp; sourceTree = "<group>"; };
		3C440EE10F1EE2FE00D96119 /* ofSoundStream.h */ = {isa = PBXFileReference; fileEncoding = 30; lastKnownFileType = sourcecode.c.h; path = ofSoundStream.h; sourceTree = "<group>"; };
		3C440EE30F1EE2FE00D96119 /* ofConstants.h */ = {isa = PBXFileReference; fileEncoding = 30; lastKnownFileType = sourcecode.c.h; path = ofConstants.h; sourceTree = "<group>"; };
		3C440EE40F1EE2FE00D96119 /* ofMath.cpp */ = {isa = PBXFileReference; fileEncoding = 30; lastKnownFileType = sourcecode.cpp.cpp; path = ofMath.cpp; sourceTree = "<group>"; };
		3C440EE50F1EE2FE00D96119 /* ofMath.h */ = {isa = PBXFileReference; fileEncoding = 30; lastKnownFileType = sourcecode.c.h; path = ofMath.h; sourceTree = "<group>"; };
		3C440EE60F1EE2FE00D96119 /* ofTypes.h */ = {isa = PBXFileReference; fileEncoding = 30; lastKnownFileType = sourcecode.c.h; path = ofTypes.h; sourceTree = "<group>"; };
		3C440EE70F1EE2FE00D96119 /* ofUtils.cpp */ = {isa = PBXFileReference; fileEncoding = 30; lastKnownFileType = sourcecode.cpp.cpp; path = ofUtils.cpp; sourceTree = "<group>"; };
		3C440EE80F1EE2FE00D96119 /* ofUtils.h */ = {isa = PBXFileReference; fileEncoding = 30; lastKnownFileType = sourcecode.c.h; path = ofUtils.h; sourceTree = "<group>"; };
		3C440EEA0F1EE2FE00D96119 /* ofQtUtils.cpp */ = {isa = PBXFileReference; fileEncoding = 30; lastKnownFileType = sourcecode.cpp.cpp; path = ofQtUtils.cpp; sourceTree = "<group>"; };
		3C440EEB0F1EE2FE00D96119 /* ofQtUtils.h */ = {isa = PBXFileReference; fileEncoding = 30; lastKnownFileType = sourcecode.c.h; path = ofQtUtils.h; sourceTree = "<group>"; };
		3C440EEC0F1EE2FE00D96119 /* ofUCUtils.cpp */ = {isa = PBXFileReference; fileEncoding = 30; lastKnownFileType = sourcecode.cpp.cpp; path = ofUCUtils.cpp; sourceTree = "<group>"; };
		3C440EED0F1EE2FE00D96119 /* ofUCUtils.h */ = {isa = PBXFileReference; fileEncoding = 30; lastKnownFileType = sourcecode.c.h; path = ofUCUtils.h; sourceTree = "<group>"; };
		3C440EEE0F1EE2FE00D96119 /* ofV4LUtils.h */ = {isa = PBXFileReference; fileEncoding = 30; lastKnownFileType = sourcecode.c.h; path = ofV4LUtils.h; sourceTree = "<group>"; };
		3C440EEF0F1EE2FE00D96119 /* ofVideoGrabber.cpp */ = {isa = PBXFileReference; fileEncoding = 30; lastKnownFileType = sourcecode.cpp.cpp; path = ofVideoGrabber.cpp; sourceTree = "<group>"; };
		3C440EF00F1EE2FE00D96119 /* ofVideoGrabber.h */ = {isa = PBXFileReference; fileEncoding = 30; lastKnownFileType = sourcecode.c.h; path = ofVideoGrabber.h; sourceTree = "<group>"; };
		3C440EF10F1EE2FE00D96119 /* ofVideoPlayer.cpp */ = {isa = PBXFileReference; fileEncoding = 30; lastKnownFileType = sourcecode.cpp.cpp; path = ofVideoPlayer.cpp; sourceTree = "<group>"; };
		3C440EF20F1EE2FE00D96119 /* ofVideoPlayer.h */ = {isa = PBXFileReference; fileEncoding = 30; lastKnownFileType = sourcecode.c.h; path = ofVideoPlayer.h; sourceTree = "<group>"; };
		3C969EAB0F12D8CC003E060C /* TestWorld.cpp */ = {isa = PBXFileReference; fileEncoding = 30; lastKnownFileType = sourcecode.cpp.cpp; path = TestWorld.cpp; sourceTree = "<group>"; };
		3C969EAC0F12D8CC003E060C /* TestWorld.h */ = {isa = PBXFileReference; fileEncoding = 30; lastKnownFileType = sourcecode.c.h; path = TestWorld.h; sourceTree = "<group>"; };
		E411BE020CFA279F007A1F4A /* ofAddons.h */ = {isa = PBXFileReference; fileEncoding = 30; lastKnownFileType = sourcecode.c.h; name = ofAddons.h; path = ../../../addons/ofAddons.h; sourceTree = SOURCE_ROOT; };
		E4B69B5B0A3A1756003C02F2 /* openFrameworks.app */ = {isa = PBXFileReference; explicitFileType = wrapper.application; includeInIndex = 0; path = openFrameworks.app; sourceTree = BUILT_PRODUCTS_DIR; };
		E4B69E1D0A3A1BDC003C02F2 /* main.cpp */ = {isa = PBXFileReference; fileEncoding = 30; lastKnownFileType = sourcecode.cpp.cpp; name = main.cpp; path = src/main.cpp; sourceTree = SOURCE_ROOT; };
		E4B69E1E0A3A1BDC003C02F2 /* testApp.cpp */ = {isa = PBXFileReference; fileEncoding = 30; lastKnownFileType = sourcecode.cpp.cpp; name = testApp.cpp; path = src/testApp.cpp; sourceTree = SOURCE_ROOT; };
		E4B69E1F0A3A1BDC003C02F2 /* testApp.h */ = {isa = PBXFileReference; fileEncoding = 30; lastKnownFileType = sourcecode.c.h; name = testApp.h; path = src/testApp.h; sourceTree = SOURCE_ROOT; };
		E4B6FCAD0C3E899E008CF71C /* openFrameworks-Info.plist */ = {isa = PBXFileReference; fileEncoding = 30; lastKnownFileType = text.xml; path = "openFrameworks-Info.plist"; sourceTree = SOURCE_ROOT; };
/* End PBXFileReference section */

/* Begin PBXFrameworksBuildPhase section */
		E4B69B590A3A1756003C02F2 /* Frameworks */ = {
			isa = PBXFrameworksBuildPhase;
			buildActionMask = 2147483647;
			files = (
			);
			runOnlyForDeploymentPostprocessing = 0;
		};
/* End PBXFrameworksBuildPhase section */

/* Begin PBXGroup section */
		3C37C34A0F12DEC1000BA9B7 /* Box2D */ = {
			isa = PBXGroup;
			children = (
				3C37C34B0F12DEC1000BA9B7 /* Include */,
				3C37C34D0F12DEC1000BA9B7 /* Source */,
			);
			name = Box2D;
			path = ../../../libs/Box2D;
			sourceTree = SOURCE_ROOT;
		};
		3C37C34B0F12DEC1000BA9B7 /* Include */ = {
			isa = PBXGroup;
			children = (
				3C37C34C0F12DEC1000BA9B7 /* Box2D.h */,
			);
			path = Include;
			sourceTree = "<group>";
		};
		3C37C34D0F12DEC1000BA9B7 /* Source */ = {
			isa = PBXGroup;
			children = (
				3C37C34E0F12DEC1000BA9B7 /* Collision */,
				3C37C3600F12DEC1000BA9B7 /* Common */,
				3C37C36B0F12DEC1000BA9B7 /* Dynamics */,
			);
			path = Source;
			sourceTree = "<group>";
		};
		3C37C34E0F12DEC1000BA9B7 /* Collision */ = {
			isa = PBXGroup;
			children = (
				3C37C34F0F12DEC1000BA9B7 /* b2BroadPhase.cpp */,
				3C37C3500F12DEC1000BA9B7 /* b2BroadPhase.h */,
				3C37C3510F12DEC1000BA9B7 /* b2CollideCircle.cpp */,
				3C37C3520F12DEC1000BA9B7 /* b2CollidePoly.cpp */,
				3C37C3530F12DEC1000BA9B7 /* b2Collision.cpp */,
				3C37C3540F12DEC1000BA9B7 /* b2Collision.h */,
				3C37C3550F12DEC1000BA9B7 /* b2Distance.cpp */,
				3C37C3560F12DEC1000BA9B7 /* b2PairManager.cpp */,
				3C37C3570F12DEC1000BA9B7 /* b2PairManager.h */,
				3C37C3580F12DEC1000BA9B7 /* b2TimeOfImpact.cpp */,
				3C37C3590F12DEC1000BA9B7 /* Shapes */,
			);
			path = Collision;
			sourceTree = "<group>";
		};
		3C37C3590F12DEC1000BA9B7 /* Shapes */ = {
			isa = PBXGroup;
			children = (
				3C37C35A0F12DEC1000BA9B7 /* b2CircleShape.cpp */,
				3C37C35B0F12DEC1000BA9B7 /* b2CircleShape.h */,
				3C37C35C0F12DEC1000BA9B7 /* b2PolygonShape.cpp */,
				3C37C35D0F12DEC1000BA9B7 /* b2PolygonShape.h */,
				3C37C35E0F12DEC1000BA9B7 /* b2Shape.cpp */,
				3C37C35F0F12DEC1000BA9B7 /* b2Shape.h */,
			);
			path = Shapes;
			sourceTree = "<group>";
		};
		3C37C3600F12DEC1000BA9B7 /* Common */ = {
			isa = PBXGroup;
			children = (
				3C37C3610F12DEC1000BA9B7 /* b2BlockAllocator.cpp */,
				3C37C3620F12DEC1000BA9B7 /* b2BlockAllocator.h */,
				3C37C3630F12DEC1000BA9B7 /* b2Math.cpp */,
				3C37C3640F12DEC1000BA9B7 /* b2Math.h */,
				3C37C3650F12DEC1000BA9B7 /* b2Settings.cpp */,
				3C37C3660F12DEC1000BA9B7 /* b2Settings.h */,
				3C37C3670F12DEC1000BA9B7 /* b2StackAllocator.cpp */,
				3C37C3680F12DEC1000BA9B7 /* b2StackAllocator.h */,
				3C37C3690F12DEC1000BA9B7 /* Fixed.h */,
				3C37C36A0F12DEC1000BA9B7 /* jtypes.h */,
			);
			path = Common;
			sourceTree = "<group>";
		};
		3C37C36B0F12DEC1000BA9B7 /* Dynamics */ = {
			isa = PBXGroup;
			children = (
				3C37C36C0F12DEC1000BA9B7 /* b2Body.cpp */,
				3C37C36D0F12DEC1000BA9B7 /* b2Body.h */,
				3C37C36E0F12DEC1000BA9B7 /* b2ContactManager.cpp */,
				3C37C36F0F12DEC1000BA9B7 /* b2ContactManager.h */,
				3C37C3700F12DEC1000BA9B7 /* b2Island.cpp */,
				3C37C3710F12DEC1000BA9B7 /* b2Island.h */,
				3C37C3720F12DEC1000BA9B7 /* b2World.cpp */,
				3C37C3730F12DEC1000BA9B7 /* b2World.h */,
				3C37C3740F12DEC1000BA9B7 /* b2WorldCallbacks.cpp */,
				3C37C3750F12DEC1000BA9B7 /* b2WorldCallbacks.h */,
				3C37C3760F12DEC1000BA9B7 /* Contacts */,
				3C37C3820F12DEC1000BA9B7 /* Joints */,
			);
			path = Dynamics;
			sourceTree = "<group>";
		};
		3C37C3760F12DEC1000BA9B7 /* Contacts */ = {
			isa = PBXGroup;
			children = (
				3C37C3770F12DEC1000BA9B7 /* b2CircleContact.cpp */,
				3C37C3780F12DEC1000BA9B7 /* b2CircleContact.h */,
				3C37C3790F12DEC1000BA9B7 /* b2Contact.cpp */,
				3C37C37A0F12DEC1000BA9B7 /* b2Contact.h */,
				3C37C37B0F12DEC1000BA9B7 /* b2ContactSolver.cpp */,
				3C37C37C0F12DEC1000BA9B7 /* b2ContactSolver.h */,
				3C37C37D0F12DEC1000BA9B7 /* b2NullContact.h */,
				3C37C37E0F12DEC1000BA9B7 /* b2PolyAndCircleContact.cpp */,
				3C37C37F0F12DEC1000BA9B7 /* b2PolyAndCircleContact.h */,
				3C37C3800F12DEC1000BA9B7 /* b2PolyContact.cpp */,
				3C37C3810F12DEC1000BA9B7 /* b2PolyContact.h */,
			);
			path = Contacts;
			sourceTree = "<group>";
		};
		3C37C3820F12DEC1000BA9B7 /* Joints */ = {
			isa = PBXGroup;
			children = (
				3C37C3830F12DEC1000BA9B7 /* b2DistanceJoint.cpp */,
				3C37C3840F12DEC1000BA9B7 /* b2DistanceJoint.h */,
				3C37C3850F12DEC1000BA9B7 /* b2GearJoint.cpp */,
				3C37C3860F12DEC1000BA9B7 /* b2GearJoint.h */,
				3C37C3870F12DEC1000BA9B7 /* b2Joint.cpp */,
				3C37C3880F12DEC1000BA9B7 /* b2Joint.h */,
				3C37C3890F12DEC1000BA9B7 /* b2MouseJoint.cpp */,
				3C37C38A0F12DEC1000BA9B7 /* b2MouseJoint.h */,
				3C37C38B0F12DEC1000BA9B7 /* b2PrismaticJoint.cpp */,
				3C37C38C0F12DEC1000BA9B7 /* b2PrismaticJoint.h */,
				3C37C38D0F12DEC1000BA9B7 /* b2PulleyJoint.cpp */,
				3C37C38E0F12DEC1000BA9B7 /* b2PulleyJoint.h */,
				3C37C38F0F12DEC1000BA9B7 /* b2RevoluteJoint.cpp */,
				3C37C3900F12DEC1000BA9B7 /* b2RevoluteJoint.h */,
			);
			path = Joints;
			sourceTree = "<group>";
		};
		3C440EC30F1EE2FE00D96119 /* openFrameworks */ = {
			isa = PBXGroup;
			children = (
				3C440EC40F1EE2FE00D96119 /* app */,
				3C440EC90F1EE2FE00D96119 /* communication */,
				3C440ED00F1EE2FE00D96119 /* events */,
				3C440ED30F1EE2FE00D96119 /* graphics */,
				3C440EDC0F1EE2FE00D96119 /* ofMain.h */,
				3C440EDD0F1EE2FE00D96119 /* sound */,
				3C440EE20F1EE2FE00D96119 /* utils */,
				3C440EE90F1EE2FE00D96119 /* video */,
			);
			name = openFrameworks;
			path = ../../../libs/openFrameworks;
			sourceTree = SOURCE_ROOT;
		};
		3C440EC40F1EE2FE00D96119 /* app */ = {
			isa = PBXGroup;
			children = (
				3C440EC50F1EE2FE00D96119 /* ofAppGlutGlue.h */,
				3C440EC60F1EE2FE00D96119 /* ofAppRunner.cpp */,
				3C440EC70F1EE2FE00D96119 /* ofAppRunner.h */,
				3C440EC80F1EE2FE00D96119 /* ofBaseApp.h */,
			);
			path = app;
			sourceTree = "<group>";
		};
		3C440EC90F1EE2FE00D96119 /* communication */ = {
			isa = PBXGroup;
			children = (
				3C440ECA0F1EE2FE00D96119 /* ofArduino.cpp */,
				3C440ECB0F1EE2FE00D96119 /* ofArduino.h */,
				3C440ECC0F1EE2FE00D96119 /* ofSerial.cpp */,
				3C440ECD0F1EE2FE00D96119 /* ofSerial.h */,
				3C440ECE0F1EE2FE00D96119 /* ofStandardFirmata.cpp */,
				3C440ECF0F1EE2FE00D96119 /* ofStandardFirmata.h */,
			);
			path = communication;
			sourceTree = "<group>";
		};
		3C440ED00F1EE2FE00D96119 /* events */ = {
			isa = PBXGroup;
			children = (
				3C440ED10F1EE2FE00D96119 /* ofEvents.h */,
				3C440ED20F1EE2FE00D96119 /* ofEventUtils.h */,
			);
			path = events;
			sourceTree = "<group>";
		};
		3C440ED30F1EE2FE00D96119 /* graphics */ = {
			isa = PBXGroup;
			children = (
				3C440ED40F1EE2FE00D96119 /* ofGraphics.cpp */,
				3C440ED50F1EE2FE00D96119 /* ofGraphics.h */,
				3C440ED60F1EE2FE00D96119 /* ofImage.cpp */,
				3C440ED70F1EE2FE00D96119 /* ofImage.h */,
				3C440ED80F1EE2FE00D96119 /* ofTexture.cpp */,
				3C440ED90F1EE2FE00D96119 /* ofTexture.h */,
				3C440EDA0F1EE2FE00D96119 /* ofTrueTypeFont.cpp */,
				3C440EDB0F1EE2FE00D96119 /* ofTrueTypeFont.h */,
			);
			path = graphics;
			sourceTree = "<group>";
		};
		3C440EDD0F1EE2FE00D96119 /* sound */ = {
			isa = PBXGroup;
			children = (
				3C440EDE0F1EE2FE00D96119 /* ofSoundPlayer.cpp */,
				3C440EDF0F1EE2FE00D96119 /* ofSoundPlayer.h */,
				3C440EE00F1EE2FE00D96119 /* ofSoundStream.cpp */,
				3C440EE10F1EE2FE00D96119 /* ofSoundStream.h */,
			);
			path = sound;
			sourceTree = "<group>";
		};
		3C440EE20F1EE2FE00D96119 /* utils */ = {
			isa = PBXGroup;
			children = (
				3C440EE30F1EE2FE00D96119 /* ofConstants.h */,
				3C440EE40F1EE2FE00D96119 /* ofMath.cpp */,
				3C440EE50F1EE2FE00D96119 /* ofMath.h */,
				3C440EE60F1EE2FE00D96119 /* ofTypes.h */,
				3C440EE70F1EE2FE00D96119 /* ofUtils.cpp */,
				3C440EE80F1EE2FE00D96119 /* ofUtils.h */,
			);
			path = utils;
			sourceTree = "<group>";
		};
		3C440EE90F1EE2FE00D96119 /* video */ = {
			isa = PBXGroup;
			children = (
				3C440EEA0F1EE2FE00D96119 /* ofQtUtils.cpp */,
				3C440EEB0F1EE2FE00D96119 /* ofQtUtils.h */,
				3C440EEC0F1EE2FE00D96119 /* ofUCUtils.cpp */,
				3C440EED0F1EE2FE00D96119 /* ofUCUtils.h */,
				3C440EEE0F1EE2FE00D96119 /* ofV4LUtils.h */,
				3C440EEF0F1EE2FE00D96119 /* ofVideoGrabber.cpp */,
				3C440EF00F1EE2FE00D96119 /* ofVideoGrabber.h */,
				3C440EF10F1EE2FE00D96119 /* ofVideoPlayer.cpp */,
				3C440EF20F1EE2FE00D96119 /* ofVideoPlayer.h */,
			);
			path = video;
			sourceTree = "<group>";
		};
		E411BE010CFA279F007A1F4A /* addons */ = {
			isa = PBXGroup;
			children = (
				E411BE020CFA279F007A1F4A /* ofAddons.h */,
			);
			name = addons;
			path = ../../../addons;
			sourceTree = SOURCE_ROOT;
		};
		E4B69B4A0A3A1720003C02F2 = {
			isa = PBXGroup;
			children = (
				E4B69E1C0A3A1BDC003C02F2 /* src */,
				E4B69E160A3A1A8B003C02F2 /* libs */,
				F5C26FB40D9AF9EC00D485F4 /* plist */,
				E4B69B5C0A3A1756003C02F2 /* Products */,
			);
			sourceTree = "<group>";
		};
		E4B69B5C0A3A1756003C02F2 /* Products */ = {
			isa = PBXGroup;
			children = (
				E4B69B5B0A3A1756003C02F2 /* openFrameworks.app */,
			);
			name = Products;
			sourceTree = "<group>";
		};
		E4B69E160A3A1A8B003C02F2 /* libs */ = {
			isa = PBXGroup;
			children = (
				3C440EC30F1EE2FE00D96119 /* openFrameworks */,
				3C37C34A0F12DEC1000BA9B7 /* Box2D */,
				E411BE010CFA279F007A1F4A /* addons */,
			);
			name = libs;
			sourceTree = "<group>";
		};
		E4B69E1C0A3A1BDC003C02F2 /* src */ = {
			isa = PBXGroup;
			children = (
				3C969EAB0F12D8CC003E060C /* TestWorld.cpp */,
				3C969EAC0F12D8CC003E060C /* TestWorld.h */,
				E4B69E1D0A3A1BDC003C02F2 /* main.cpp */,
				E4B69E1E0A3A1BDC003C02F2 /* testApp.cpp */,
				E4B69E1F0A3A1BDC003C02F2 /* testApp.h */,
			);
			path = src;
			sourceTree = SOURCE_ROOT;
		};
		F5C26FB40D9AF9EC00D485F4 /* plist */ = {
			isa = PBXGroup;
			children = (
				E4B6FCAD0C3E899E008CF71C /* openFrameworks-Info.plist */,
			);
			name = plist;
			path = src;
			sourceTree = "<group>";
		};
/* End PBXGroup section */

/* Begin PBXNativeTarget section */
		E4B69B5A0A3A1756003C02F2 /* openFrameworks */ = {
			isa = PBXNativeTarget;
			buildConfigurationList = E4B69B5F0A3A1757003C02F2 /* Build configuration list for PBXNativeTarget "openFrameworks" */;
			buildPhases = (
				E4B69B570A3A1756003C02F2 /* Resources */,
				E4B69B580A3A1756003C02F2 /* Sources */,
				E4B69B590A3A1756003C02F2 /* Frameworks */,
				E4B6FFFD0C3F9AB9008CF71C /* ShellScript */,
			);
			buildRules = (
			);
			dependencies = (
			);
			name = openFrameworks;
			productName = myOFApp;
			productReference = E4B69B5B0A3A1756003C02F2 /* openFrameworks.app */;
			productType = "com.apple.product-type.application";
		};
/* End PBXNativeTarget section */

/* Begin PBXProject section */
		E4B69B4C0A3A1720003C02F2 /* Project object */ = {
			isa = PBXProject;
			buildConfigurationList = E4B69B4D0A3A1720003C02F2 /* Build configuration list for PBXProject "openFrameworks" */;
			compatibilityVersion = "Xcode 2.4";
			hasScannedForEncodings = 0;
			mainGroup = E4B69B4A0A3A1720003C02F2;
			productRefGroup = E4B69B5C0A3A1756003C02F2 /* Products */;
			projectDirPath = "";
			projectRoot = "";
			targets = (
				E4B69B5A0A3A1756003C02F2 /* openFrameworks */,
			);
		};
/* End PBXProject section */

/* Begin PBXResourcesBuildPhase section */
		E4B69B570A3A1756003C02F2 /* Resources */ = {
			isa = PBXResourcesBuildPhase;
			buildActionMask = 2147483647;
			files = (
				E4B6FCAE0C3E899E008CF71C /* openFrameworks-Info.plist in Resources */,
			);
			runOnlyForDeploymentPostprocessing = 0;
		};
/* End PBXResourcesBuildPhase section */

/* Begin PBXShellScriptBuildPhase section */
		E4B6FFFD0C3F9AB9008CF71C /* ShellScript */ = {
			isa = PBXShellScriptBuildPhase;
			buildActionMask = 2147483647;
			files = (
			);
			inputPaths = (
			);
			outputPaths = (
			);
			runOnlyForDeploymentPostprocessing = 0;
			shellPath = /bin/sh;
			shellScript = "cp -f ../../../libs/fmodex/lib/libfmodex.dylib \"$TARGET_BUILD_DIR/$PRODUCT_NAME.app/Contents/MacOS/libfmodex.dylib\"\ninstall_name_tool -change ./libfmodex.dylib @executable_path/libfmodex.dylib \"$TARGET_BUILD_DIR/$PRODUCT_NAME.app/Contents/MacOS/$PRODUCT_NAME\" ";
		};
/* End PBXShellScriptBuildPhase section */

/* Begin PBXSourcesBuildPhase section */
		E4B69B580A3A1756003C02F2 /* Sources */ = {
			isa = PBXSourcesBuildPhase;
			buildActionMask = 2147483647;
			files = (
				E4B69E200A3A1BDC003C02F2 /* main.cpp in Sources */,
				E4B69E210A3A1BDC003C02F2 /* testApp.cpp in Sources */,
				3C969EAD0F12D8CC003E060C /* TestWorld.cpp in Sources */,
				3C37C3910F12DEC1000BA9B7 /* b2BroadPhase.cpp in Sources */,
				3C37C3920F12DEC1000BA9B7 /* b2CollideCircle.cpp in Sources */,
				3C37C3930F12DEC1000BA9B7 /* b2CollidePoly.cpp in Sources */,
				3C37C3940F12DEC1000BA9B7 /* b2Collision.cpp in Sources */,
				3C37C3950F12DEC1000BA9B7 /* b2Distance.cpp in Sources */,
				3C37C3960F12DEC1000BA9B7 /* b2PairManager.cpp in Sources */,
				3C37C3970F12DEC1000BA9B7 /* b2TimeOfImpact.cpp in Sources */,
				3C37C3980F12DEC1000BA9B7 /* b2CircleShape.cpp in Sources */,
				3C37C3990F12DEC1000BA9B7 /* b2PolygonShape.cpp in Sources */,
				3C37C39A0F12DEC1000BA9B7 /* b2Shape.cpp in Sources */,
				3C37C39B0F12DEC1000BA9B7 /* b2BlockAllocator.cpp in Sources */,
				3C37C39C0F12DEC1000BA9B7 /* b2Math.cpp in Sources */,
				3C37C39D0F12DEC1000BA9B7 /* b2Settings.cpp in Sources */,
				3C37C39E0F12DEC1000BA9B7 /* b2StackAllocator.cpp in Sources */,
				3C37C39F0F12DEC1000BA9B7 /* b2Body.cpp in Sources */,
				3C37C3A00F12DEC1000BA9B7 /* b2ContactManager.cpp in Sources */,
				3C37C3A10F12DEC1000BA9B7 /* b2Island.cpp in Sources */,
				3C37C3A20F12DEC1000BA9B7 /* b2World.cpp in Sources */,
				3C37C3A30F12DEC1000BA9B7 /* b2WorldCallbacks.cpp in Sources */,
				3C37C3A40F12DEC1000BA9B7 /* b2CircleContact.cpp in Sources */,
				3C37C3A50F12DEC1000BA9B7 /* b2Contact.cpp in Sources */,
				3C37C3A60F12DEC1000BA9B7 /* b2ContactSolver.cpp in Sources */,
				3C37C3A70F12DEC1000BA9B7 /* b2PolyAndCircleContact.cpp in Sources */,
				3C37C3A80F12DEC1000BA9B7 /* b2PolyContact.cpp in Sources */,
				3C37C3A90F12DEC1000BA9B7 /* b2DistanceJoint.cpp in Sources */,
				3C37C3AA0F12DEC1000BA9B7 /* b2GearJoint.cpp in Sources */,
				3C37C3AB0F12DEC1000BA9B7 /* b2Joint.cpp in Sources */,
				3C37C3AC0F12DEC1000BA9B7 /* b2MouseJoint.cpp in Sources */,
				3C37C3AD0F12DEC1000BA9B7 /* b2PrismaticJoint.cpp in Sources */,
				3C37C3AE0F12DEC1000BA9B7 /* b2PulleyJoint.cpp in Sources */,
				3C37C3AF0F12DEC1000BA9B7 /* b2RevoluteJoint.cpp in Sources */,
				3C440EF30F1EE2FE00D96119 /* ofAppRunner.cpp in Sources */,
				3C440EF40F1EE2FE00D96119 /* ofArduino.cpp in Sources */,
				3C440EF50F1EE2FE00D96119 /* ofSerial.cpp in Sources */,
				3C440EF60F1EE2FE00D96119 /* ofStandardFirmata.cpp in Sources */,
				3C440EF70F1EE2FE00D96119 /* ofGraphics.cpp in Sources */,
				3C440EF80F1EE2FE00D96119 /* ofImage.cpp in Sources */,
				3C440EF90F1EE2FE00D96119 /* ofTexture.cpp in Sources */,
				3C440EFA0F1EE2FE00D96119 /* ofTrueTypeFont.cpp in Sources */,
				3C440EFB0F1EE2FE00D96119 /* ofSoundPlayer.cpp in Sources */,
				3C440EFC0F1EE2FE00D96119 /* ofSoundStream.cpp in Sources */,
				3C440EFD0F1EE2FE00D96119 /* ofMath.cpp in Sources */,
				3C440EFE0F1EE2FE00D96119 /* ofUtils.cpp in Sources */,
				3C440EFF0F1EE2FE00D96119 /* ofQtUtils.cpp in Sources */,
				3C440F000F1EE2FE00D96119 /* ofUCUtils.cpp in Sources */,
				3C440F010F1EE2FE00D96119 /* ofVideoGrabber.cpp in Sources */,
				3C440F020F1EE2FE00D96119 /* ofVideoPlayer.cpp in Sources */,
			);
			runOnlyForDeploymentPostprocessing = 0;
		};
/* End PBXSourcesBuildPhase section */

/* Begin XCBuildConfiguration section */
		E4B69B4E0A3A1720003C02F2 /* Debug */ = {
			isa = XCBuildConfiguration;
			buildSettings = {
				ARCHS = "$(NATIVE_ARCH)";
				CONFIGURATION_BUILD_DIR = "$(SRCROOT)";
				COPY_PHASE_STRIP = NO;
				GCC_INLINES_ARE_PRIVATE_EXTERN = NO;
				GCC_SYMBOLS_PRIVATE_EXTERN = NO;
				GCC_WARN_ABOUT_DEPRECATED_FUNCTIONS = NO;
				GCC_WARN_ABOUT_INVALID_OFFSETOF_MACRO = NO;
				GCC_WARN_ALLOW_INCOMPLETE_PROTOCOL = NO;
				GCC_WARN_UNINITIALIZED_AUTOS = NO;
				GCC_WARN_UNUSED_VALUE = NO;
				GCC_WARN_UNUSED_VARIABLE = NO;
				HEADER_SEARCH_PATHS = (
					../../../libs/poco/include,
					../../../libs/fmodex/inc,
					"../../../libs/openFrameworks/**",
					"../../../libs/freeimage/include/**",
					"../../../libs/freetype/include/**",
					../../../libs/GLee/include,
					../../../libs/rtAudio/include,
				);
				OTHER_CPLUSPLUSFLAGS = (
					"-D__MACOSX_CORE__",
					"-lpthread",
				);
				OTHER_LDFLAGS = (
					../../../libs/freetype/lib/freetype.a,
					../../../libs/freeimage/lib/freeimage.a,
					../../../libs/fmodex/lib/libfmodex.dylib,
					../../../libs/GLee/lib/GLee.a,
					../../../libs/rtAudio/lib/rtAudio.a,
					"-framework",
					Carbon,
					"-framework",
					GLUT,
					"-framework",
					CoreFoundation,
					"-framework",
					OpenGL,
					"-framework",
					QuickTime,
					"-framework",
					ApplicationServices,
					"-framework",
					AudioToolbox,
					"-framework",
					CoreAudio,
					"-framework",
					CoreServices,
					"-framework",
					AGL,
					../../../libs/poco/lib/libPocoFoundation.a,
				);
				SDKROOT = /Developer/SDKs/MacOSX10.4u.sdk;
			};
			name = Debug;
		};
		E4B69B4F0A3A1720003C02F2 /* Release */ = {
			isa = XCBuildConfiguration;
			buildSettings = {
				ARCHS = (
					ppc,
					i386,
				);
				CONFIGURATION_BUILD_DIR = "$(SRCROOT)";
				COPY_PHASE_STRIP = YES;
				GCC_INLINES_ARE_PRIVATE_EXTERN = NO;
				GCC_SYMBOLS_PRIVATE_EXTERN = NO;
				GCC_WARN_ABOUT_DEPRECATED_FUNCTIONS = NO;
				GCC_WARN_ABOUT_INVALID_OFFSETOF_MACRO = NO;
				GCC_WARN_ALLOW_INCOMPLETE_PROTOCOL = NO;
				GCC_WARN_UNINITIALIZED_AUTOS = NO;
				GCC_WARN_UNUSED_VALUE = NO;
				GCC_WARN_UNUSED_VARIABLE = NO;
				HEADER_SEARCH_PATHS = (
					../../../libs/poco/include,
					../../../libs/fmodex/inc,
					"../../../libs/openFrameworks/**",
					"../../../libs/freeimage/include/**",
					"../../../libs/freetype/include/**",
					../../../libs/GLee/include,
					../../../libs/rtAudio/include,
				);
				OTHER_CPLUSPLUSFLAGS = (
					"-D__MACOSX_CORE__",
					"-lpthread",
				);
				OTHER_LDFLAGS = (
					../../../libs/freetype/lib/freetype.a,
					../../../libs/freeimage/lib/freeimage.a,
					../../../libs/fmodex/lib/libfmodex.dylib,
					../../../libs/GLee/lib/GLee.a,
					../../../libs/rtAudio/lib/rtAudio.a,
					"-framework",
					Carbon,
					"-framework",
					GLUT,
					"-framework",
					CoreFoundation,
					"-framework",
					OpenGL,
					"-framework",
					QuickTime,
					"-framework",
					ApplicationServices,
					"-framework",
					AudioToolbox,
					"-framework",
					CoreAudio,
					"-framework",
					CoreServices,
					"-framework",
					AGL,
					../../../libs/poco/lib/libPocoFoundation.a,
				);
				SDKROOT = /Developer/SDKs/MacOSX10.4u.sdk;
			};
			name = Release;
		};
		E4B69B600A3A1757003C02F2 /* Debug */ = {
			isa = XCBuildConfiguration;
			buildSettings = {
				COPY_PHASE_STRIP = NO;
				GCC_DYNAMIC_NO_PIC = NO;
				GCC_ENABLE_FIX_AND_CONTINUE = YES;
				GCC_GENERATE_DEBUGGING_SYMBOLS = YES;
				GCC_MODEL_TUNING = G4;
				GCC_OPTIMIZATION_LEVEL = 0;
				GCC_PRECOMPILE_PREFIX_HEADER = YES;
				GCC_PREFIX_HEADER = "$(SYSTEM_LIBRARY_DIR)/Frameworks/Carbon.framework/Headers/Carbon.h";
				INFOPLIST_FILE = "openFrameworks-Info.plist";
				INSTALL_PATH = "$(HOME)/Applications";
				PREBINDING = NO;
				PRODUCT_NAME = openFrameworksDebug;
				WRAPPER_EXTENSION = app;
				ZERO_LINK = NO;
			};
			name = Debug;
		};
		E4B69B610A3A1757003C02F2 /* Release */ = {
			isa = XCBuildConfiguration;
			buildSettings = {
				COPY_PHASE_STRIP = YES;
				GCC_ENABLE_FIX_AND_CONTINUE = NO;
				GCC_GENERATE_DEBUGGING_SYMBOLS = NO;
				GCC_MODEL_TUNING = G4;
				GCC_PRECOMPILE_PREFIX_HEADER = YES;
				GCC_PREFIX_HEADER = "$(SYSTEM_LIBRARY_DIR)/Frameworks/Carbon.framework/Headers/Carbon.h";
				INFOPLIST_FILE = "openFrameworks-Info.plist";
				INSTALL_PATH = "$(HOME)/Applications";
				PREBINDING = NO;
				PRODUCT_NAME = openFrameworks;
				WRAPPER_EXTENSION = app;
				ZERO_LINK = NO;
			};
			name = Release;
		};
/* End XCBuildConfiguration section */

/* Begin XCConfigurationList section */
		E4B69B4D0A3A1720003C02F2 /* Build configuration list for PBXProject "openFrameworks" */ = {
			isa = XCConfigurationList;
			buildConfigurations = (
				E4B69B4E0A3A1720003C02F2 /* Debug */,
				E4B69B4F0A3A1720003C02F2 /* Release */,
			);
			defaultConfigurationIsVisible = 0;
			defaultConfigurationName = Release;
		};
		E4B69B5F0A3A1757003C02F2 /* Build configuration list for PBXNativeTarget "openFrameworks" */ = {
			isa = XCConfigurationList;
			buildConfigurations = (
				E4B69B600A3A1757003C02F2 /* Debug */,
				E4B69B610A3A1757003C02F2 /* Release */,
			);
			defaultConfigurationIsVisible = 0;
			defaultConfigurationName = Release;
		};
/* End XCConfigurationList section */
	};
	rootObject = E4B69B4C0A3A1720003C02F2 /* Project object */;
}
