<?xml version="1.0" encoding="UTF-8" standalone="yes" ?>
<CodeBlocks_project_file>
	<FileVersion major="1" minor="6" />
	<Project>
		<Option title="advancedGraphicsExample" />
		<Option pch_mode="2" />
		<Option compiler="gcc" />
		<Option virtualFolders="addons/;libs/;src/;libs/openframeworks/;libs/openframeworks/app/;libs/openframeworks/communication/;libs/openframeworks/graphics/;libs/openframeworks/sound/;libs/openframeworks/utils/;libs/openframeworks/video/;" />
		<Build>
			<Target title="Debug">
				<Option output="bin/advancedGraphicsExample_debug" prefix_auto="1" extension_auto="1" />
				<Option working_dir="bin" />
				<Option object_output="build/Debug/" />
				<Option type="1" />
				<Option compiler="gcc" />
				<Compiler>
					<Add option="-g" />
				</Compiler>
			</Target>
			<Target title="Release">
				<Option output="bin/advancedGraphicsExample" prefix_auto="1" extension_auto="1" />
				<Option working_dir="bin" />
				<Option object_output="build/Release/" />
				<Option type="1" />
				<Option compiler="gcc" />
				<Compiler>
					<Add option="-O3" />
				</Compiler>
				<Linker>
					<Add option="-s" />
				</Linker>
			</Target>
			<Environment>
				<Variable name="target" value="advancedGraphicsExample" />
				<Variable name="nautilusOnBuild" value="false" />
				<Variable name="runOnBuild" value="false" />
			</Environment>
		</Build>
		<Compiler>
			<Add option="-Wall" />
			<Add option="-fexceptions" />
			<Add directory="../../../addons/" />
			<Add directory="../../../libs/openFrameworks/" />
			<Add directory="../../../libs/openFrameworks/events" />
			<Add directory="../../../libs/openFrameworks/app" />
			<Add directory="../../../libs/openFrameworks/communication" />
			<Add directory="../../../libs/openFrameworks/graphics" />
			<Add directory="../../../libs/openFrameworks/video" />
			<Add directory="../../../libs/openFrameworks/utils" />
			<Add directory="../../../libs/openFrameworks/sound" />
			<Add directory="../../../libs/rtAudio/include" />
			<Add directory="../../../libs/fmodex/inc" />
			<Add directory="../../../libs/GLee/include" />
			<Add directory="../../../libs/freeimage/Source" />
			<Add directory="../../../libs/freeimage/include" />
			<Add directory="../../../libs/alsa/include" />
			<Add directory="../../../libs/alsa/include/alsa" />
			<Add directory="../../../libs/freetype/include/linux" />
			<Add directory="../../../libs/freetype/include/linux/freetype2" />
			<Add directory="../../../libs/freetype/include/linux/freetype2/freetype" />
			<Add directory="../../../libs/unicap/include" />
			<Add directory="../../../libs/gstappsink/include" />
			<Add directory="../../../addons" />
			<Add directory="../../../libs/poco/include" />
<!--			<Add directory="/usr/include" />
			<Add directory="/usr/include/GL" />  -->
		</Compiler>
		<Linker>
			<Add library="fmodex" />
			<Add library="raw1394" />
			<Add library="glut" />
			<Add library="GL" />
			<Add library="GLU" />
			<Add library="Xxf86vm" />
			<Add library="asound" />
			<Add library="PocoFoundation" />
<!--			<Add library="PocoUtil" /> -->
			<Add library="z" />
			<Add library="../../../libs/freetype/lib/linux/libfreetype.a" />
			<Add library="../../../libs/freeimage/lib/libfreeimage.a" />
			<Add library="../../../libs/rtAudio/lib/libRtAudio.a" />
<!--			<Add library="../../../libs/fobs/lib/libfobscore.a" />  -->
			<Add library="../../../libs/GLee/lib/libGLee.a" />
			<Add library="unicap" />
			<Add library="../../../libs/gstappsink/lib/liboFappsink.a" />
			<Add directory="../../../libs/fmodex/lib/linux" />
			<Add directory="../../../libs/unicap/lib" />
			<Add directory="../../../libs/poco/lib/linux" />
		</Linker>
		<ExtraCommands>
			<Add after="#" />
			<Add after="#      copy libs and shell script to bin directory:" />
			<Add after="#" />

			<Add after="mkdir -p $(PROJECT_DIR)bin/libs/" />
			<Add after="cp -p ../../../libs/freetype/lib/linux/*.so* $(PROJECT_DIR)bin/libs/" />
			<Add after="cp -p ../../../libs/freeimage/lib/*.so* $(PROJECT_DIR)bin/libs/" />
			<Add after="cp -p ../../../libs/fmodex/lib/linux/*.so* $(PROJECT_DIR)bin/libs/" />
			<Add after="cp -p ../../../libs/poco/lib/linux/libPocoFoundation.so* $(PROJECT_DIR)bin/libs/" />

<!--			<Add after="cp -p ../../../addons/*/libs/*/lib/linux/*.so* $(PROJECT_DIR)bin/libs/" />  -->

			<Add after="mkdir -p $(PROJECT_DIR)data/" />
			<Add after="cp -r $(PROJECT_DIR)data/ $(PROJECT_DIR)bin/" />

			<Add after="cp ../../../other/codeblocks/linux_clickToLaunchApp.sh $(PROJECT_DIR)bin/clickToLaunchApp_$(TARGET_NAME).sh" />
			<Add after="sed -i s/applicationName/$(TARGET_OUTPUT_BASENAME)/g  $(PROJECT_DIR)bin/clickToLaunchApp_$(TARGET_NAME).sh" />
			<Add after="#" />
			<Add after="#      DONE" />
			<Add after="#" />
			<Mode after="always" />
		</ExtraCommands>
		<Unit filename="../../../addons/ofAddons.h">
			<Option virtualFolder="addons/" />
		</Unit>
		<Unit filename="src/main.cpp">
			<Option virtualFolder="src/" />
		</Unit>
		<Unit filename="src/testApp.cpp">
			<Option virtualFolder="src/" />
		</Unit>
		<Unit filename="src/testApp.h">
			<Option virtualFolder="src/" />
		</Unit>
		<Unit filename="../../../libs/openFrameworks/app/ofAppBaseWindow.h">
			<Option virtualFolder="libs/openframeworks/app/" />
		</Unit>
		<Unit filename="../../../libs/openFrameworks/app/ofAppGlutWindow.cpp">
			<Option virtualFolder="libs/openframeworks/app/" />
		</Unit>
		<Unit filename="../../../libs/openFrameworks/app/ofAppGlutWindow.h">
			<Option virtualFolder="libs/openframeworks/app/" />
		</Unit>
		<Unit filename="../../../libs/openFrameworks/app/ofAppRunner.cpp">
			<Option virtualFolder="libs/openframeworks/app/" />
		</Unit>
		<Unit filename="../../../libs/openFrameworks/app/ofAppRunner.h">
			<Option virtualFolder="libs/openframeworks/app/" />
		</Unit>
		<Unit filename="../../../libs/openFrameworks/app/ofBaseApp.h">
			<Option virtualFolder="libs/openframeworks/app/" />
		</Unit>
		<Unit filename="../../../libs/openFrameworks/communication/ofSerial.cpp">
			<Option virtualFolder="libs/openframeworks/communication/" />
		</Unit>
		<Unit filename="../../../libs/openFrameworks/communication/ofSerial.h">
			<Option virtualFolder="libs/openframeworks/communication/" />
		</Unit>
		<Unit filename="../../../libs/openFrameworks/events/ofEventUtils.h">
			<Option virtualFolder="libs/openframeworks/events/" />
		</Unit>
		<Unit filename="../../../libs/openFrameworks/events/ofEvents.h">
			<Option virtualFolder="libs/openframeworks/events/" />
		</Unit>
		<Unit filename="../../../libs/openFrameworks/graphics/ofBitmapFont.cpp">
			<Option virtualFolder="libs/openframeworks/graphics/" />
		</Unit>
		<Unit filename="../../../libs/openFrameworks/graphics/ofBitmapFont.h">
			<Option virtualFolder="libs/openframeworks/graphics/" />
		</Unit>
		<Unit filename="../../../libs/openFrameworks/graphics/ofGraphics.cpp">
			<Option virtualFolder="libs/openframeworks/graphics/" />
		</Unit>
		<Unit filename="../../../libs/openFrameworks/graphics/ofGraphics.h">
			<Option virtualFolder="libs/openframeworks/graphics/" />
		</Unit>
		<Unit filename="../../../libs/openFrameworks/graphics/ofImage.cpp">
			<Option virtualFolder="libs/openframeworks/graphics/" />
		</Unit>
		<Unit filename="../../../libs/openFrameworks/graphics/ofImage.h">
			<Option virtualFolder="libs/openframeworks/graphics/" />
		</Unit>
		<Unit filename="../../../libs/openFrameworks/graphics/ofTexture.cpp">
			<Option virtualFolder="libs/openframeworks/graphics/" />
		</Unit>
		<Unit filename="../../../libs/openFrameworks/graphics/ofTexture.h">
			<Option virtualFolder="libs/openframeworks/graphics/" />
		</Unit>
		<Unit filename="../../../libs/openFrameworks/graphics/ofTrueTypeFont.cpp">
			<Option virtualFolder="libs/openframeworks/graphics/" />
		</Unit>
		<Unit filename="../../../libs/openFrameworks/graphics/ofTrueTypeFont.h">
			<Option virtualFolder="libs/openframeworks/graphics/" />
		</Unit>
		<Unit filename="../../../libs/openFrameworks/ofMain.h">
			<Option virtualFolder="libs/openframeworks/" />
		</Unit>
		<Unit filename="../../../libs/openFrameworks/sound/ofSoundPlayer.cpp">
			<Option virtualFolder="libs/openframeworks/sound/" />
		</Unit>
		<Unit filename="../../../libs/openFrameworks/sound/ofSoundPlayer.h">
			<Option virtualFolder="libs/openframeworks/sound/" />
		</Unit>
		<Unit filename="../../../libs/openFrameworks/sound/ofSoundStream.cpp">
			<Option virtualFolder="libs/openframeworks/sound/" />
		</Unit>
		<Unit filename="../../../libs/openFrameworks/sound/ofSoundStream.h">
			<Option virtualFolder="libs/openframeworks/sound/" />
		</Unit>
		<Unit filename="../../../libs/openFrameworks/utils/ofConstants.h">
			<Option virtualFolder="libs/openframeworks/utils/" />
		</Unit>
		<Unit filename="../../../libs/openFrameworks/utils/ofMath.cpp">
			<Option virtualFolder="libs/openframeworks/utils/" />
		</Unit>
		<Unit filename="../../../libs/openFrameworks/utils/ofMath.h">
			<Option virtualFolder="libs/openframeworks/utils/" />
		</Unit>
		<Unit filename="../../../libs/openFrameworks/utils/ofTypes.h">
			<Option virtualFolder="libs/openframeworks/utils/" />
		</Unit>
		<Unit filename="../../../libs/openFrameworks/utils/ofUtils.cpp">
			<Option virtualFolder="libs/openframeworks/utils/" />
		</Unit>
		<Unit filename="../../../libs/openFrameworks/utils/ofUtils.h">
			<Option virtualFolder="libs/openframeworks/utils/" />
		</Unit>
		<Unit filename="../../../libs/openFrameworks/video/ofUCUtils.cpp">
			<Option virtualFolder="libs/openframeworks/video/" />
		</Unit>
		<Unit filename="../../../libs/openFrameworks/video/ofUCUtils.h">
			<Option virtualFolder="libs/openframeworks/video/" />
		</Unit>
		<Unit filename="../../../libs/openFrameworks/video/ofVideoGrabber.cpp">
			<Option virtualFolder="libs/openframeworks/video/" />
		</Unit>
		<Unit filename="../../../libs/openFrameworks/video/ofVideoGrabber.h">
			<Option virtualFolder="libs/openframeworks/video/" />
		</Unit>
		<Unit filename="../../../libs/openFrameworks/video/ofVideoPlayer.cpp">
			<Option virtualFolder="libs/openframeworks/video/" />
		</Unit>
		<Unit filename="../../../libs/openFrameworks/video/ofVideoPlayer.h">
			<Option virtualFolder="libs/openframeworks/video/" />
		</Unit>
		<Extensions>
			<lib_finder>
				<lib name="gstreamer-0.10" />
				<lib name="gstreamer-video-0.10" />
				<lib name="gstreamer-base-0.10" />
				<!--lib name="gstreamer-app-0.10" /-->
				<lib name="libavcodec" />
				<lib name="libavformat" />
				<lib name="libavutil" />
				<lib name="libswscale" />
			</lib_finder>
			<code_completion />
			<envvars />
			<debugger />
		</Extensions>
	</Project>
</CodeBlocks_project_file>
